{"format_version":"1.2","terraform_version":"1.6.1","variables":{"AMIS":{"value":{"us-east-1":"ami-0d2017e886fc2c0ab","us-west-2":"ami-00448a337adc93c05"}},"AWS_ACCESS_KEY":{"value":""},"AWS_REGION":{"value":"us-west-2"},"AWS_SECRET_KEY":{"value":""},"apac_region":{"value":"us-west-2"},"cidr_blocks":{"value":"0.0.0.0/0"},"instance_type":{"value":"t3.micro"},"private_cidr":{"value":"10.0.2.0/24"},"private_cidr2":{"value":"10.0.3.0/24"},"public_cidr":{"value":"10.0.1.0/24"},"public_cidr2":{"value":"10.0.4.0/24"},"vpc_cidr":{"value":"10.0.0.0/16"}},"planned_values":{"root_module":{"resources":[{"address":"aws_db_subnet_group.db_subnet","mode":"managed","type":"aws_db_subnet_group","name":"db_subnet","provider_name":"registry.terraform.io/hashicorp/aws","schema_version":0,"values":{"description":"Managed by Terraform","name":"db_subnet_group","tags":{"Name":"Prod-aurora-db"},"tags_all":{"Name":"Prod-aurora-db"}},"sensitive_values":{"subnet_ids":[],"supported_network_types":[],"tags":{},"tags_all":{}}},{"address":"aws_instance.web_server_instance","mode":"managed","type":"aws_instance","name":"web_server_instance","provider_name":"registry.terraform.io/hashicorp/aws","schema_version":1,"values":{"ami":"ami-00448a337adc93c05","associate_public_ip_address":true,"availability_zone":"us-west-2a","credit_specification":[],"get_password_data":false,"hibernation":null,"instance_type":"t3.micro","key_name":"vockey","launch_template":[],"source_dest_check":true,"tags":{"Name":"Web server"},"tags_all":{"Name":"Web server"},"timeouts":null,"user_data":"c8da0d8123fd3a3e9d223794eda5f272b2eff885","user_data_replace_on_change":false,"volume_tags":null},"sensitive_values":{"capacity_reservation_specification":[],"cpu_options":[],"credit_specification":[],"ebs_block_device":[],"enclave_options":[],"ephemeral_block_device":[],"instance_market_options":[],"ipv6_addresses":[],"launch_template":[],"maintenance_options":[],"metadata_options":[],"network_interface":[],"private_dns_name_options":[],"root_block_device":[],"secondary_private_ips":[],"security_groups":[],"tags":{},"tags_all":{},"vpc_security_group_ids":[]}},{"address":"aws_internet_gateway.gw","mode":"managed","type":"aws_internet_gateway","name":"gw","provider_name":"registry.terraform.io/hashicorp/aws","schema_version":0,"values":{"tags":null,"timeouts":null},"sensitive_values":{"tags_all":{}}},{"address":"aws_rds_cluster.auroracluster","mode":"managed","type":"aws_rds_cluster","name":"auroracluster","provider_name":"registry.terraform.io/hashicorp/aws","schema_version":0,"values":{"allow_major_version_upgrade":null,"availability_zones":["us-west-2a","us-west-2b"],"backtrack_window":null,"cluster_identifier":"auroracluster","copy_tags_to_snapshot":false,"database_name":"auroradb","db_cluster_instance_class":null,"db_instance_parameter_group_name":null,"db_subnet_group_name":"db_subnet_group","deletion_protection":null,"enable_global_write_forwarding":false,"enable_http_endpoint":false,"enabled_cloudwatch_logs_exports":null,"engine":"aurora-mysql","engine_mode":"provisioned","engine_version":"5.7.mysql_aurora.2.11.1","final_snapshot_identifier":"aurora-final-snapshot","global_cluster_identifier":null,"iam_database_authentication_enabled":null,"iops":null,"manage_master_user_password":null,"master_password":"mustbeeightcharaters","master_username":"test","replication_source_identifier":null,"restore_to_point_in_time":[],"s3_import":[],"scaling_configuration":[],"serverlessv2_scaling_configuration":[],"skip_final_snapshot":true,"snapshot_identifier":null,"source_region":null,"tags":{"Name":"auroracluster-db"},"tags_all":{"Name":"auroracluster-db"},"timeouts":null},"sensitive_values":{"availability_zones":[false,false],"cluster_members":[],"iam_roles":[],"master_user_secret":[],"restore_to_point_in_time":[],"s3_import":[],"scaling_configuration":[],"serverlessv2_scaling_configuration":[],"tags":{},"tags_all":{},"vpc_security_group_ids":[]}},{"address":"aws_rds_cluster_instance.clusterinstance[0]","mode":"managed","type":"aws_rds_cluster_instance","name":"clusterinstance","index":0,"provider_name":"registry.terraform.io/hashicorp/aws","schema_version":0,"values":{"auto_minor_version_upgrade":true,"availability_zone":"us-west-2a","copy_tags_to_snapshot":false,"custom_iam_instance_profile":null,"engine":"aurora-mysql","identifier":"clusterinstance-0","instance_class":"db.t3.small","monitoring_interval":0,"promotion_tier":0,"publicly_accessible":false,"tags":{"Name":"auroracluster-db-instance1"},"tags_all":{"Name":"auroracluster-db-instance1"},"timeouts":null},"sensitive_values":{"tags":{},"tags_all":{}}},{"address":"aws_rds_cluster_instance.clusterinstance[1]","mode":"managed","type":"aws_rds_cluster_instance","name":"clusterinstance","index":1,"provider_name":"registry.terraform.io/hashicorp/aws","schema_version":0,"values":{"auto_minor_version_upgrade":true,"availability_zone":"us-west-2b","copy_tags_to_snapshot":false,"custom_iam_instance_profile":null,"engine":"aurora-mysql","identifier":"clusterinstance-1","instance_class":"db.t3.small","monitoring_interval":0,"promotion_tier":0,"publicly_accessible":false,"tags":{"Name":"auroracluster-db-instance2"},"tags_all":{"Name":"auroracluster-db-instance2"},"timeouts":null},"sensitive_values":{"tags":{},"tags_all":{}}},{"address":"aws_route_table.pro_rt","mode":"managed","type":"aws_route_table","name":"pro_rt","provider_name":"registry.terraform.io/hashicorp/aws","schema_version":0,"values":{"route":[{"carrier_gateway_id":"","cidr_block":"0.0.0.0/0","core_network_arn":"","destination_prefix_list_id":"","egress_only_gateway_id":"","ipv6_cidr_block":"","local_gateway_id":"","nat_gateway_id":"","network_interface_id":"","transit_gateway_id":"","vpc_endpoint_id":"","vpc_peering_connection_id":""},{"carrier_gateway_id":"","cidr_block":"10.0.0.0/16","core_network_arn":"","destination_prefix_list_id":"","egress_only_gateway_id":"","gateway_id":"local","ipv6_cidr_block":"","local_gateway_id":"","nat_gateway_id":"","network_interface_id":"","transit_gateway_id":"","vpc_endpoint_id":"","vpc_peering_connection_id":""}],"tags":{"Name":"pro_routetable"},"tags_all":{"Name":"pro_routetable"},"timeouts":null},"sensitive_values":{"propagating_vgws":[],"route":[{},{}],"tags":{},"tags_all":{}}},{"address":"aws_route_table.pro_rt2","mode":"managed","type":"aws_route_table","name":"pro_rt2","provider_name":"registry.terraform.io/hashicorp/aws","schema_version":0,"values":{"route":[{"carrier_gateway_id":"","cidr_block":"10.0.0.0/16","core_network_arn":"","destination_prefix_list_id":"","egress_only_gateway_id":"","gateway_id":"local","ipv6_cidr_block":"","local_gateway_id":"","nat_gateway_id":"","network_interface_id":"","transit_gateway_id":"","vpc_endpoint_id":"","vpc_peering_connection_id":""}],"tags":{"Name":"pro_routetable2"},"tags_all":{"Name":"pro_routetable2"},"timeouts":null},"sensitive_values":{"propagating_vgws":[],"route":[{}],"tags":{},"tags_all":{}}},{"address":"aws_route_table_association.a","mode":"managed","type":"aws_route_table_association","name":"a","provider_name":"registry.terraform.io/hashicorp/aws","schema_version":0,"values":{"gateway_id":null,"timeouts":null},"sensitive_values":{}},{"address":"aws_route_table_association.a1","mode":"managed","type":"aws_route_table_association","name":"a1","provider_name":"registry.terraform.io/hashicorp/aws","schema_version":0,"values":{"gateway_id":null,"timeouts":null},"sensitive_values":{}},{"address":"aws_route_table_association.b","mode":"managed","type":"aws_route_table_association","name":"b","provider_name":"registry.terraform.io/hashicorp/aws","schema_version":0,"values":{"gateway_id":null,"timeouts":null},"sensitive_values":{}},{"address":"aws_route_table_association.b2","mode":"managed","type":"aws_route_table_association","name":"b2","provider_name":"registry.terraform.io/hashicorp/aws","schema_version":0,"values":{"gateway_id":null,"timeouts":null},"sensitive_values":{}},{"address":"aws_security_group.allow_aurora_access","mode":"managed","type":"aws_security_group","name":"allow_aurora_access","provider_name":"registry.terraform.io/hashicorp/aws","schema_version":1,"values":{"description":"Allow EC2 to aurora","ingress":[{"cidr_blocks":[],"description":"","from_port":3306,"ipv6_cidr_blocks":[],"prefix_list_ids":[],"protocol":"tcp","self":false,"to_port":3306}],"name":"allow_aurora_access","revoke_rules_on_delete":false,"tags":{"Name":"aurora-stack-allow-aurora-MySQL"},"tags_all":{"Name":"aurora-stack-allow-aurora-MySQL"},"timeouts":null},"sensitive_values":{"egress":[],"ingress":[{"cidr_blocks":[],"ipv6_cidr_blocks":[],"prefix_list_ids":[],"security_groups":[]}],"tags":{},"tags_all":{}}},{"address":"aws_security_group.allow_ec2_aurora","mode":"managed","type":"aws_security_group","name":"allow_ec2_aurora","provider_name":"registry.terraform.io/hashicorp/aws","schema_version":1,"values":{"description":"Allow EC2 to Aurora traffic","egress":[{"cidr_blocks":["0.0.0.0/0"],"description":"","from_port":3306,"ipv6_cidr_blocks":[],"prefix_list_ids":[],"protocol":"tcp","security_groups":[],"self":false,"to_port":3306}],"ingress":[{"cidr_blocks":["0.0.0.0/0"],"description":"allow ec2 to aurora","from_port":22,"ipv6_cidr_blocks":[],"prefix_list_ids":[],"protocol":"tcp","security_groups":[],"self":false,"to_port":22}],"name":"allow_ec2_aurora","revoke_rules_on_delete":false,"tags":{"Name":"allow_ssh"},"tags_all":{"Name":"allow_ssh"},"timeouts":null},"sensitive_values":{"egress":[{"cidr_blocks":[false],"ipv6_cidr_blocks":[],"prefix_list_ids":[],"security_groups":[]}],"ingress":[{"cidr_blocks":[false],"ipv6_cidr_blocks":[],"prefix_list_ids":[],"security_groups":[]}],"tags":{},"tags_all":{}}},{"address":"aws_security_group.allow_ssh","mode":"managed","type":"aws_security_group","name":"allow_ssh","provider_name":"registry.terraform.io/hashicorp/aws","schema_version":1,"values":{"description":"Allow SSH traffic","egress":[{"cidr_blocks":["0.0.0.0/0"],"description":"","from_port":0,"ipv6_cidr_blocks":[],"prefix_list_ids":[],"protocol":"-1","security_groups":[],"self":false,"to_port":0}],"ingress":[{"cidr_blocks":["0.0.0.0/0"],"description":"allow SSH","from_port":22,"ipv6_cidr_blocks":[],"prefix_list_ids":[],"protocol":"tcp","security_groups":[],"self":false,"to_port":22}],"name":"allow_ssh","revoke_rules_on_delete":false,"tags":{"Name":"allow_ssh"},"tags_all":{"Name":"allow_ssh"},"timeouts":null},"sensitive_values":{"egress":[{"cidr_blocks":[false],"ipv6_cidr_blocks":[],"prefix_list_ids":[],"security_groups":[]}],"ingress":[{"cidr_blocks":[false],"ipv6_cidr_blocks":[],"prefix_list_ids":[],"security_groups":[]}],"tags":{},"tags_all":{}}},{"address":"aws_security_group.allow_web","mode":"managed","type":"aws_security_group","name":"allow_web","provider_name":"registry.terraform.io/hashicorp/aws","schema_version":1,"values":{"description":"Allow web inbound traffic","egress":[{"cidr_blocks":["0.0.0.0/0"],"description":"","from_port":0,"ipv6_cidr_blocks":[],"prefix_list_ids":[],"protocol":"-1","security_groups":[],"self":false,"to_port":0}],"ingress":[{"cidr_blocks":["0.0.0.0/0"],"description":"http from VPC","from_port":80,"ipv6_cidr_blocks":[],"prefix_list_ids":[],"protocol":"tcp","security_groups":[],"self":false,"to_port":80},{"cidr_blocks":["0.0.0.0/0"],"description":"https from VPC","from_port":443,"ipv6_cidr_blocks":[],"prefix_list_ids":[],"protocol":"tcp","security_groups":[],"self":false,"to_port":443},{"cidr_blocks":["0.0.0.0/0"],"description":"ssh from VPC","from_port":22,"ipv6_cidr_blocks":[],"prefix_list_ids":[],"protocol":"tcp","security_groups":[],"self":false,"to_port":22}],"name":"allow_web","revoke_rules_on_delete":false,"tags":{"Name":"allow_web"},"tags_all":{"Name":"allow_web"},"timeouts":null},"sensitive_values":{"egress":[{"cidr_blocks":[false],"ipv6_cidr_blocks":[],"prefix_list_ids":[],"security_groups":[]}],"ingress":[{"cidr_blocks":[false],"ipv6_cidr_blocks":[],"prefix_list_ids":[],"security_groups":[]},{"cidr_blocks":[false],"ipv6_cidr_blocks":[],"prefix_list_ids":[],"security_groups":[]},{"cidr_blocks":[false],"ipv6_cidr_blocks":[],"prefix_list_ids":[],"security_groups":[]}],"tags":{},"tags_all":{}}},{"address":"aws_subnet.subnet-1","mode":"managed","type":"aws_subnet","name":"subnet-1","provider_name":"registry.terraform.io/hashicorp/aws","schema_version":1,"values":{"assign_ipv6_address_on_creation":false,"availability_zone":"us-west-2a","cidr_block":"10.0.1.0/24","customer_owned_ipv4_pool":null,"enable_dns64":false,"enable_lni_at_device_index":null,"enable_resource_name_dns_a_record_on_launch":false,"enable_resource_name_dns_aaaa_record_on_launch":false,"ipv6_cidr_block":null,"ipv6_native":false,"map_customer_owned_ip_on_launch":null,"map_public_ip_on_launch":false,"outpost_arn":null,"tags":{"Name":"prod-subnet-Public"},"tags_all":{"Name":"prod-subnet-Public"},"timeouts":null},"sensitive_values":{"tags":{},"tags_all":{}}},{"address":"aws_subnet.subnet-1a","mode":"managed","type":"aws_subnet","name":"subnet-1a","provider_name":"registry.terraform.io/hashicorp/aws","schema_version":1,"values":{"assign_ipv6_address_on_creation":false,"availability_zone":"us-west-2b","cidr_block":"10.0.4.0/24","customer_owned_ipv4_pool":null,"enable_dns64":false,"enable_lni_at_device_index":null,"enable_resource_name_dns_a_record_on_launch":false,"enable_resource_name_dns_aaaa_record_on_launch":false,"ipv6_cidr_block":null,"ipv6_native":false,"map_customer_owned_ip_on_launch":null,"map_public_ip_on_launch":false,"outpost_arn":null,"tags":{"Name":"prod-subnet-Public2"},"tags_all":{"Name":"prod-subnet-Public2"},"timeouts":null},"sensitive_values":{"tags":{},"tags_all":{}}},{"address":"aws_subnet.subnet-2","mode":"managed","type":"aws_subnet","name":"subnet-2","provider_name":"registry.terraform.io/hashicorp/aws","schema_version":1,"values":{"assign_ipv6_address_on_creation":false,"availability_zone":"us-west-2a","cidr_block":"10.0.2.0/24","customer_owned_ipv4_pool":null,"enable_dns64":false,"enable_lni_at_device_index":null,"enable_resource_name_dns_a_record_on_launch":false,"enable_resource_name_dns_aaaa_record_on_launch":false,"ipv6_cidr_block":null,"ipv6_native":false,"map_customer_owned_ip_on_launch":null,"map_public_ip_on_launch":false,"outpost_arn":null,"tags":{"Name":"prod-subnet-Private"},"tags_all":{"Name":"prod-subnet-Private"},"timeouts":null},"sensitive_values":{"tags":{},"tags_all":{}}},{"address":"aws_subnet.subnet-2a","mode":"managed","type":"aws_subnet","name":"subnet-2a","provider_name":"registry.terraform.io/hashicorp/aws","schema_version":1,"values":{"assign_ipv6_address_on_creation":false,"availability_zone":"us-west-2b","cidr_block":"10.0.3.0/24","customer_owned_ipv4_pool":null,"enable_dns64":false,"enable_lni_at_device_index":null,"enable_resource_name_dns_a_record_on_launch":false,"enable_resource_name_dns_aaaa_record_on_launch":false,"ipv6_cidr_block":null,"ipv6_native":false,"map_customer_owned_ip_on_launch":null,"map_public_ip_on_launch":false,"outpost_arn":null,"tags":{"Name":"prod-subnet-Private2"},"tags_all":{"Name":"prod-subnet-Private2"},"timeouts":null},"sensitive_values":{"tags":{},"tags_all":{}}},{"address":"aws_vpc.pro_vpc","mode":"managed","type":"aws_vpc","name":"pro_vpc","provider_name":"registry.terraform.io/hashicorp/aws","schema_version":1,"values":{"assign_generated_ipv6_cidr_block":null,"cidr_block":"10.0.0.0/16","enable_dns_hostnames":true,"enable_dns_support":true,"instance_tenancy":"default","ipv4_ipam_pool_id":null,"ipv4_netmask_length":null,"ipv6_ipam_pool_id":null,"ipv6_netmask_length":null,"tags":{"Name":"production"},"tags_all":{"Name":"production"}},"sensitive_values":{"tags":{},"tags_all":{}}}]}},"resource_changes":[{"address":"aws_db_subnet_group.db_subnet","mode":"managed","type":"aws_db_subnet_group","name":"db_subnet","provider_name":"registry.terraform.io/hashicorp/aws","change":{"actions":["create"],"before":null,"after":{"description":"Managed by Terraform","name":"db_subnet_group","tags":{"Name":"Prod-aurora-db"},"tags_all":{"Name":"Prod-aurora-db"}},"after_unknown":{"arn":true,"id":true,"name_prefix":true,"subnet_ids":true,"supported_network_types":true,"tags":{},"tags_all":{},"vpc_id":true},"before_sensitive":false,"after_sensitive":{"subnet_ids":[],"supported_network_types":[],"tags":{},"tags_all":{}}}},{"address":"aws_instance.web_server_instance","mode":"managed","type":"aws_instance","name":"web_server_instance","provider_name":"registry.terraform.io/hashicorp/aws","change":{"actions":["create"],"before":null,"after":{"ami":"ami-00448a337adc93c05","associate_public_ip_address":true,"availability_zone":"us-west-2a","credit_specification":[],"get_password_data":false,"hibernation":null,"instance_type":"t3.micro","key_name":"vockey","launch_template":[],"source_dest_check":true,"tags":{"Name":"Web server"},"tags_all":{"Name":"Web server"},"timeouts":null,"user_data":"c8da0d8123fd3a3e9d223794eda5f272b2eff885","user_data_replace_on_change":false,"volume_tags":null},"after_unknown":{"arn":true,"capacity_reservation_specification":true,"cpu_core_count":true,"cpu_options":true,"cpu_threads_per_core":true,"credit_specification":[],"disable_api_stop":true,"disable_api_termination":true,"ebs_block_device":true,"ebs_optimized":true,"enclave_options":true,"ephemeral_block_device":true,"host_id":true,"host_resource_group_arn":true,"iam_instance_profile":true,"id":true,"instance_initiated_shutdown_behavior":true,"instance_lifecycle":true,"instance_market_options":true,"instance_state":true,"ipv6_address_count":true,"ipv6_addresses":true,"launch_template":[],"maintenance_options":true,"metadata_options":true,"monitoring":true,"network_interface":true,"outpost_arn":true,"password_data":true,"placement_group":true,"placement_partition_number":true,"primary_network_interface_id":true,"private_dns":true,"private_dns_name_options":true,"private_ip":true,"public_dns":true,"public_ip":true,"root_block_device":true,"secondary_private_ips":true,"security_groups":true,"spot_instance_request_id":true,"subnet_id":true,"tags":{},"tags_all":{},"tenancy":true,"user_data_base64":true,"vpc_security_group_ids":true},"before_sensitive":false,"after_sensitive":{"capacity_reservation_specification":[],"cpu_options":[],"credit_specification":[],"ebs_block_device":[],"enclave_options":[],"ephemeral_block_device":[],"instance_market_options":[],"ipv6_addresses":[],"launch_template":[],"maintenance_options":[],"metadata_options":[],"network_interface":[],"private_dns_name_options":[],"root_block_device":[],"secondary_private_ips":[],"security_groups":[],"tags":{},"tags_all":{},"vpc_security_group_ids":[]}}},{"address":"aws_internet_gateway.gw","mode":"managed","type":"aws_internet_gateway","name":"gw","provider_name":"registry.terraform.io/hashicorp/aws","change":{"actions":["create"],"before":null,"after":{"tags":null,"timeouts":null},"after_unknown":{"arn":true,"id":true,"owner_id":true,"tags_all":true,"vpc_id":true},"before_sensitive":false,"after_sensitive":{"tags_all":{}}}},{"address":"aws_rds_cluster.auroracluster","mode":"managed","type":"aws_rds_cluster","name":"auroracluster","provider_name":"registry.terraform.io/hashicorp/aws","change":{"actions":["create"],"before":null,"after":{"allow_major_version_upgrade":null,"availability_zones":["us-west-2a","us-west-2b"],"backtrack_window":null,"cluster_identifier":"auroracluster","copy_tags_to_snapshot":false,"database_name":"auroradb","db_cluster_instance_class":null,"db_instance_parameter_group_name":null,"db_subnet_group_name":"db_subnet_group","deletion_protection":null,"enable_global_write_forwarding":false,"enable_http_endpoint":false,"enabled_cloudwatch_logs_exports":null,"engine":"aurora-mysql","engine_mode":"provisioned","engine_version":"5.7.mysql_aurora.2.11.1","final_snapshot_identifier":"aurora-final-snapshot","global_cluster_identifier":null,"iam_database_authentication_enabled":null,"iops":null,"manage_master_user_password":null,"master_password":"mustbeeightcharaters","master_username":"test","replication_source_identifier":null,"restore_to_point_in_time":[],"s3_import":[],"scaling_configuration":[],"serverlessv2_scaling_configuration":[],"skip_final_snapshot":true,"snapshot_identifier":null,"source_region":null,"tags":{"Name":"auroracluster-db"},"tags_all":{"Name":"auroracluster-db"},"timeouts":null},"after_unknown":{"allocated_storage":true,"apply_immediately":true,"arn":true,"availability_zones":[false,false],"backup_retention_period":true,"cluster_identifier_prefix":true,"cluster_members":true,"cluster_resource_id":true,"db_cluster_parameter_group_name":true,"db_system_id":true,"endpoint":true,"engine_version_actual":true,"hosted_zone_id":true,"iam_roles":true,"id":true,"kms_key_id":true,"master_user_secret":true,"master_user_secret_kms_key_id":true,"network_type":true,"port":true,"preferred_backup_window":true,"preferred_maintenance_window":true,"reader_endpoint":true,"restore_to_point_in_time":[],"s3_import":[],"scaling_configuration":[],"serverlessv2_scaling_configuration":[],"storage_encrypted":true,"storage_type":true,"tags":{},"tags_all":{},"vpc_security_group_ids":true},"before_sensitive":false,"after_sensitive":{"availability_zones":[false,false],"cluster_members":[],"iam_roles":[],"master_password":true,"master_user_secret":[],"restore_to_point_in_time":[],"s3_import":[],"scaling_configuration":[],"serverlessv2_scaling_configuration":[],"tags":{},"tags_all":{},"vpc_security_group_ids":[]}}},{"address":"aws_rds_cluster_instance.clusterinstance[0]","mode":"managed","type":"aws_rds_cluster_instance","name":"clusterinstance","index":0,"provider_name":"registry.terraform.io/hashicorp/aws","change":{"actions":["create"],"before":null,"after":{"auto_minor_version_upgrade":true,"availability_zone":"us-west-2a","copy_tags_to_snapshot":false,"custom_iam_instance_profile":null,"engine":"aurora-mysql","identifier":"clusterinstance-0","instance_class":"db.t3.small","monitoring_interval":0,"promotion_tier":0,"publicly_accessible":false,"tags":{"Name":"auroracluster-db-instance1"},"tags_all":{"Name":"auroracluster-db-instance1"},"timeouts":null},"after_unknown":{"apply_immediately":true,"arn":true,"ca_cert_identifier":true,"cluster_identifier":true,"db_parameter_group_name":true,"db_subnet_group_name":true,"dbi_resource_id":true,"endpoint":true,"engine_version":true,"engine_version_actual":true,"id":true,"identifier_prefix":true,"kms_key_id":true,"monitoring_role_arn":true,"network_type":true,"performance_insights_enabled":true,"performance_insights_kms_key_id":true,"performance_insights_retention_period":true,"port":true,"preferred_backup_window":true,"preferred_maintenance_window":true,"storage_encrypted":true,"tags":{},"tags_all":{},"writer":true},"before_sensitive":false,"after_sensitive":{"tags":{},"tags_all":{}}}},{"address":"aws_rds_cluster_instance.clusterinstance[1]","mode":"managed","type":"aws_rds_cluster_instance","name":"clusterinstance","index":1,"provider_name":"registry.terraform.io/hashicorp/aws","change":{"actions":["create"],"before":null,"after":{"auto_minor_version_upgrade":true,"availability_zone":"us-west-2b","copy_tags_to_snapshot":false,"custom_iam_instance_profile":null,"engine":"aurora-mysql","identifier":"clusterinstance-1","instance_class":"db.t3.small","monitoring_interval":0,"promotion_tier":0,"publicly_accessible":false,"tags":{"Name":"auroracluster-db-instance2"},"tags_all":{"Name":"auroracluster-db-instance2"},"timeouts":null},"after_unknown":{"apply_immediately":true,"arn":true,"ca_cert_identifier":true,"cluster_identifier":true,"db_parameter_group_name":true,"db_subnet_group_name":true,"dbi_resource_id":true,"endpoint":true,"engine_version":true,"engine_version_actual":true,"id":true,"identifier_prefix":true,"kms_key_id":true,"monitoring_role_arn":true,"network_type":true,"performance_insights_enabled":true,"performance_insights_kms_key_id":true,"performance_insights_retention_period":true,"port":true,"preferred_backup_window":true,"preferred_maintenance_window":true,"storage_encrypted":true,"tags":{},"tags_all":{},"writer":true},"before_sensitive":false,"after_sensitive":{"tags":{},"tags_all":{}}}},{"address":"aws_route_table.pro_rt","mode":"managed","type":"aws_route_table","name":"pro_rt","provider_name":"registry.terraform.io/hashicorp/aws","change":{"actions":["create"],"before":null,"after":{"route":[{"carrier_gateway_id":"","cidr_block":"0.0.0.0/0","core_network_arn":"","destination_prefix_list_id":"","egress_only_gateway_id":"","ipv6_cidr_block":"","local_gateway_id":"","nat_gateway_id":"","network_interface_id":"","transit_gateway_id":"","vpc_endpoint_id":"","vpc_peering_connection_id":""},{"carrier_gateway_id":"","cidr_block":"10.0.0.0/16","core_network_arn":"","destination_prefix_list_id":"","egress_only_gateway_id":"","gateway_id":"local","ipv6_cidr_block":"","local_gateway_id":"","nat_gateway_id":"","network_interface_id":"","transit_gateway_id":"","vpc_endpoint_id":"","vpc_peering_connection_id":""}],"tags":{"Name":"pro_routetable"},"tags_all":{"Name":"pro_routetable"},"timeouts":null},"after_unknown":{"arn":true,"id":true,"owner_id":true,"propagating_vgws":true,"route":[{"gateway_id":true},{}],"tags":{},"tags_all":{},"vpc_id":true},"before_sensitive":false,"after_sensitive":{"propagating_vgws":[],"route":[{},{}],"tags":{},"tags_all":{}}}},{"address":"aws_route_table.pro_rt2","mode":"managed","type":"aws_route_table","name":"pro_rt2","provider_name":"registry.terraform.io/hashicorp/aws","change":{"actions":["create"],"before":null,"after":{"route":[{"carrier_gateway_id":"","cidr_block":"10.0.0.0/16","core_network_arn":"","destination_prefix_list_id":"","egress_only_gateway_id":"","gateway_id":"local","ipv6_cidr_block":"","local_gateway_id":"","nat_gateway_id":"","network_interface_id":"","transit_gateway_id":"","vpc_endpoint_id":"","vpc_peering_connection_id":""}],"tags":{"Name":"pro_routetable2"},"tags_all":{"Name":"pro_routetable2"},"timeouts":null},"after_unknown":{"arn":true,"id":true,"owner_id":true,"propagating_vgws":true,"route":[{}],"tags":{},"tags_all":{},"vpc_id":true},"before_sensitive":false,"after_sensitive":{"propagating_vgws":[],"route":[{}],"tags":{},"tags_all":{}}}},{"address":"aws_route_table_association.a","mode":"managed","type":"aws_route_table_association","name":"a","provider_name":"registry.terraform.io/hashicorp/aws","change":{"actions":["create"],"before":null,"after":{"gateway_id":null,"timeouts":null},"after_unknown":{"id":true,"route_table_id":true,"subnet_id":true},"before_sensitive":false,"after_sensitive":{}}},{"address":"aws_route_table_association.a1","mode":"managed","type":"aws_route_table_association","name":"a1","provider_name":"registry.terraform.io/hashicorp/aws","change":{"actions":["create"],"before":null,"after":{"gateway_id":null,"timeouts":null},"after_unknown":{"id":true,"route_table_id":true,"subnet_id":true},"before_sensitive":false,"after_sensitive":{}}},{"address":"aws_route_table_association.b","mode":"managed","type":"aws_route_table_association","name":"b","provider_name":"registry.terraform.io/hashicorp/aws","change":{"actions":["create"],"before":null,"after":{"gateway_id":null,"timeouts":null},"after_unknown":{"id":true,"route_table_id":true,"subnet_id":true},"before_sensitive":false,"after_sensitive":{}}},{"address":"aws_route_table_association.b2","mode":"managed","type":"aws_route_table_association","name":"b2","provider_name":"registry.terraform.io/hashicorp/aws","change":{"actions":["create"],"before":null,"after":{"gateway_id":null,"timeouts":null},"after_unknown":{"id":true,"route_table_id":true,"subnet_id":true},"before_sensitive":false,"after_sensitive":{}}},{"address":"aws_security_group.allow_aurora_access","mode":"managed","type":"aws_security_group","name":"allow_aurora_access","provider_name":"registry.terraform.io/hashicorp/aws","change":{"actions":["create"],"before":null,"after":{"description":"Allow EC2 to aurora","ingress":[{"cidr_blocks":[],"description":"","from_port":3306,"ipv6_cidr_blocks":[],"prefix_list_ids":[],"protocol":"tcp","self":false,"to_port":3306}],"name":"allow_aurora_access","revoke_rules_on_delete":false,"tags":{"Name":"aurora-stack-allow-aurora-MySQL"},"tags_all":{"Name":"aurora-stack-allow-aurora-MySQL"},"timeouts":null},"after_unknown":{"arn":true,"egress":true,"id":true,"ingress":[{"cidr_blocks":[],"ipv6_cidr_blocks":[],"prefix_list_ids":[],"security_groups":true}],"name_prefix":true,"owner_id":true,"tags":{},"tags_all":{},"vpc_id":true},"before_sensitive":false,"after_sensitive":{"egress":[],"ingress":[{"cidr_blocks":[],"ipv6_cidr_blocks":[],"prefix_list_ids":[],"security_groups":[]}],"tags":{},"tags_all":{}}}},{"address":"aws_security_group.allow_ec2_aurora","mode":"managed","type":"aws_security_group","name":"allow_ec2_aurora","provider_name":"registry.terraform.io/hashicorp/aws","change":{"actions":["create"],"before":null,"after":{"description":"Allow EC2 to Aurora traffic","egress":[{"cidr_blocks":["0.0.0.0/0"],"description":"","from_port":3306,"ipv6_cidr_blocks":[],"prefix_list_ids":[],"protocol":"tcp","security_groups":[],"self":false,"to_port":3306}],"ingress":[{"cidr_blocks":["0.0.0.0/0"],"description":"allow ec2 to aurora","from_port":22,"ipv6_cidr_blocks":[],"prefix_list_ids":[],"protocol":"tcp","security_groups":[],"self":false,"to_port":22}],"name":"allow_ec2_aurora","revoke_rules_on_delete":false,"tags":{"Name":"allow_ssh"},"tags_all":{"Name":"allow_ssh"},"timeouts":null},"after_unknown":{"arn":true,"egress":[{"cidr_blocks":[false],"ipv6_cidr_blocks":[],"prefix_list_ids":[],"security_groups":[]}],"id":true,"ingress":[{"cidr_blocks":[false],"ipv6_cidr_blocks":[],"prefix_list_ids":[],"security_groups":[]}],"name_prefix":true,"owner_id":true,"tags":{},"tags_all":{},"vpc_id":true},"before_sensitive":false,"after_sensitive":{"egress":[{"cidr_blocks":[false],"ipv6_cidr_blocks":[],"prefix_list_ids":[],"security_groups":[]}],"ingress":[{"cidr_blocks":[false],"ipv6_cidr_blocks":[],"prefix_list_ids":[],"security_groups":[]}],"tags":{},"tags_all":{}}}},{"address":"aws_security_group.allow_ssh","mode":"managed","type":"aws_security_group","name":"allow_ssh","provider_name":"registry.terraform.io/hashicorp/aws","change":{"actions":["create"],"before":null,"after":{"description":"Allow SSH traffic","egress":[{"cidr_blocks":["0.0.0.0/0"],"description":"","from_port":0,"ipv6_cidr_blocks":[],"prefix_list_ids":[],"protocol":"-1","security_groups":[],"self":false,"to_port":0}],"ingress":[{"cidr_blocks":["0.0.0.0/0"],"description":"allow SSH","from_port":22,"ipv6_cidr_blocks":[],"prefix_list_ids":[],"protocol":"tcp","security_groups":[],"self":false,"to_port":22}],"name":"allow_ssh","revoke_rules_on_delete":false,"tags":{"Name":"allow_ssh"},"tags_all":{"Name":"allow_ssh"},"timeouts":null},"after_unknown":{"arn":true,"egress":[{"cidr_blocks":[false],"ipv6_cidr_blocks":[],"prefix_list_ids":[],"security_groups":[]}],"id":true,"ingress":[{"cidr_blocks":[false],"ipv6_cidr_blocks":[],"prefix_list_ids":[],"security_groups":[]}],"name_prefix":true,"owner_id":true,"tags":{},"tags_all":{},"vpc_id":true},"before_sensitive":false,"after_sensitive":{"egress":[{"cidr_blocks":[false],"ipv6_cidr_blocks":[],"prefix_list_ids":[],"security_groups":[]}],"ingress":[{"cidr_blocks":[false],"ipv6_cidr_blocks":[],"prefix_list_ids":[],"security_groups":[]}],"tags":{},"tags_all":{}}}},{"address":"aws_security_group.allow_web","mode":"managed","type":"aws_security_group","name":"allow_web","provider_name":"registry.terraform.io/hashicorp/aws","change":{"actions":["create"],"before":null,"after":{"description":"Allow web inbound traffic","egress":[{"cidr_blocks":["0.0.0.0/0"],"description":"","from_port":0,"ipv6_cidr_blocks":[],"prefix_list_ids":[],"protocol":"-1","security_groups":[],"self":false,"to_port":0}],"ingress":[{"cidr_blocks":["0.0.0.0/0"],"description":"http from VPC","from_port":80,"ipv6_cidr_blocks":[],"prefix_list_ids":[],"protocol":"tcp","security_groups":[],"self":false,"to_port":80},{"cidr_blocks":["0.0.0.0/0"],"description":"https from VPC","from_port":443,"ipv6_cidr_blocks":[],"prefix_list_ids":[],"protocol":"tcp","security_groups":[],"self":false,"to_port":443},{"cidr_blocks":["0.0.0.0/0"],"description":"ssh from VPC","from_port":22,"ipv6_cidr_blocks":[],"prefix_list_ids":[],"protocol":"tcp","security_groups":[],"self":false,"to_port":22}],"name":"allow_web","revoke_rules_on_delete":false,"tags":{"Name":"allow_web"},"tags_all":{"Name":"allow_web"},"timeouts":null},"after_unknown":{"arn":true,"egress":[{"cidr_blocks":[false],"ipv6_cidr_blocks":[],"prefix_list_ids":[],"security_groups":[]}],"id":true,"ingress":[{"cidr_blocks":[false],"ipv6_cidr_blocks":[],"prefix_list_ids":[],"security_groups":[]},{"cidr_blocks":[false],"ipv6_cidr_blocks":[],"prefix_list_ids":[],"security_groups":[]},{"cidr_blocks":[false],"ipv6_cidr_blocks":[],"prefix_list_ids":[],"security_groups":[]}],"name_prefix":true,"owner_id":true,"tags":{},"tags_all":{},"vpc_id":true},"before_sensitive":false,"after_sensitive":{"egress":[{"cidr_blocks":[false],"ipv6_cidr_blocks":[],"prefix_list_ids":[],"security_groups":[]}],"ingress":[{"cidr_blocks":[false],"ipv6_cidr_blocks":[],"prefix_list_ids":[],"security_groups":[]},{"cidr_blocks":[false],"ipv6_cidr_blocks":[],"prefix_list_ids":[],"security_groups":[]},{"cidr_blocks":[false],"ipv6_cidr_blocks":[],"prefix_list_ids":[],"security_groups":[]}],"tags":{},"tags_all":{}}}},{"address":"aws_subnet.subnet-1","mode":"managed","type":"aws_subnet","name":"subnet-1","provider_name":"registry.terraform.io/hashicorp/aws","change":{"actions":["create"],"before":null,"after":{"assign_ipv6_address_on_creation":false,"availability_zone":"us-west-2a","cidr_block":"10.0.1.0/24","customer_owned_ipv4_pool":null,"enable_dns64":false,"enable_lni_at_device_index":null,"enable_resource_name_dns_a_record_on_launch":false,"enable_resource_name_dns_aaaa_record_on_launch":false,"ipv6_cidr_block":null,"ipv6_native":false,"map_customer_owned_ip_on_launch":null,"map_public_ip_on_launch":false,"outpost_arn":null,"tags":{"Name":"prod-subnet-Public"},"tags_all":{"Name":"prod-subnet-Public"},"timeouts":null},"after_unknown":{"arn":true,"availability_zone_id":true,"id":true,"ipv6_cidr_block_association_id":true,"owner_id":true,"private_dns_hostname_type_on_launch":true,"tags":{},"tags_all":{},"vpc_id":true},"before_sensitive":false,"after_sensitive":{"tags":{},"tags_all":{}}}},{"address":"aws_subnet.subnet-1a","mode":"managed","type":"aws_subnet","name":"subnet-1a","provider_name":"registry.terraform.io/hashicorp/aws","change":{"actions":["create"],"before":null,"after":{"assign_ipv6_address_on_creation":false,"availability_zone":"us-west-2b","cidr_block":"10.0.4.0/24","customer_owned_ipv4_pool":null,"enable_dns64":false,"enable_lni_at_device_index":null,"enable_resource_name_dns_a_record_on_launch":false,"enable_resource_name_dns_aaaa_record_on_launch":false,"ipv6_cidr_block":null,"ipv6_native":false,"map_customer_owned_ip_on_launch":null,"map_public_ip_on_launch":false,"outpost_arn":null,"tags":{"Name":"prod-subnet-Public2"},"tags_all":{"Name":"prod-subnet-Public2"},"timeouts":null},"after_unknown":{"arn":true,"availability_zone_id":true,"id":true,"ipv6_cidr_block_association_id":true,"owner_id":true,"private_dns_hostname_type_on_launch":true,"tags":{},"tags_all":{},"vpc_id":true},"before_sensitive":false,"after_sensitive":{"tags":{},"tags_all":{}}}},{"address":"aws_subnet.subnet-2","mode":"managed","type":"aws_subnet","name":"subnet-2","provider_name":"registry.terraform.io/hashicorp/aws","change":{"actions":["create"],"before":null,"after":{"assign_ipv6_address_on_creation":false,"availability_zone":"us-west-2a","cidr_block":"10.0.2.0/24","customer_owned_ipv4_pool":null,"enable_dns64":false,"enable_lni_at_device_index":null,"enable_resource_name_dns_a_record_on_launch":false,"enable_resource_name_dns_aaaa_record_on_launch":false,"ipv6_cidr_block":null,"ipv6_native":false,"map_customer_owned_ip_on_launch":null,"map_public_ip_on_launch":false,"outpost_arn":null,"tags":{"Name":"prod-subnet-Private"},"tags_all":{"Name":"prod-subnet-Private"},"timeouts":null},"after_unknown":{"arn":true,"availability_zone_id":true,"id":true,"ipv6_cidr_block_association_id":true,"owner_id":true,"private_dns_hostname_type_on_launch":true,"tags":{},"tags_all":{},"vpc_id":true},"before_sensitive":false,"after_sensitive":{"tags":{},"tags_all":{}}}},{"address":"aws_subnet.subnet-2a","mode":"managed","type":"aws_subnet","name":"subnet-2a","provider_name":"registry.terraform.io/hashicorp/aws","change":{"actions":["create"],"before":null,"after":{"assign_ipv6_address_on_creation":false,"availability_zone":"us-west-2b","cidr_block":"10.0.3.0/24","customer_owned_ipv4_pool":null,"enable_dns64":false,"enable_lni_at_device_index":null,"enable_resource_name_dns_a_record_on_launch":false,"enable_resource_name_dns_aaaa_record_on_launch":false,"ipv6_cidr_block":null,"ipv6_native":false,"map_customer_owned_ip_on_launch":null,"map_public_ip_on_launch":false,"outpost_arn":null,"tags":{"Name":"prod-subnet-Private2"},"tags_all":{"Name":"prod-subnet-Private2"},"timeouts":null},"after_unknown":{"arn":true,"availability_zone_id":true,"id":true,"ipv6_cidr_block_association_id":true,"owner_id":true,"private_dns_hostname_type_on_launch":true,"tags":{},"tags_all":{},"vpc_id":true},"before_sensitive":false,"after_sensitive":{"tags":{},"tags_all":{}}}},{"address":"aws_vpc.pro_vpc","mode":"managed","type":"aws_vpc","name":"pro_vpc","provider_name":"registry.terraform.io/hashicorp/aws","change":{"actions":["create"],"before":null,"after":{"assign_generated_ipv6_cidr_block":null,"cidr_block":"10.0.0.0/16","enable_dns_hostnames":true,"enable_dns_support":true,"instance_tenancy":"default","ipv4_ipam_pool_id":null,"ipv4_netmask_length":null,"ipv6_ipam_pool_id":null,"ipv6_netmask_length":null,"tags":{"Name":"production"},"tags_all":{"Name":"production"}},"after_unknown":{"arn":true,"default_network_acl_id":true,"default_route_table_id":true,"default_security_group_id":true,"dhcp_options_id":true,"enable_network_address_usage_metrics":true,"id":true,"ipv6_association_id":true,"ipv6_cidr_block":true,"ipv6_cidr_block_network_border_group":true,"main_route_table_id":true,"owner_id":true,"tags":{},"tags_all":{}},"before_sensitive":false,"after_sensitive":{"tags":{},"tags_all":{}}}}],"configuration":{"provider_config":{"aws":{"name":"aws","full_name":"registry.terraform.io/hashicorp/aws","version_constraint":"~\u003e 5.0","expressions":{"region":{"references":["var.AWS_REGION"]}}}},"root_module":{"resources":[{"address":"aws_db_subnet_group.db_subnet","mode":"managed","type":"aws_db_subnet_group","name":"db_subnet","provider_config_key":"aws","expressions":{"name":{"constant_value":"db_subnet_group"},"subnet_ids":{"references":["aws_subnet.subnet-2.id","aws_subnet.subnet-2","aws_subnet.subnet-2a.id","aws_subnet.subnet-2a"]},"tags":{"constant_value":{"Name":"Prod-aurora-db"}}},"schema_version":0},{"address":"aws_instance.web_server_instance","mode":"managed","type":"aws_instance","name":"web_server_instance","provider_config_key":"aws","provisioners":[{"type":"local-exec","expressions":{"command":{"references":["self.instance_type","self","self.id","self","self.public_dns","self","self.ami","self"]}}}],"expressions":{"ami":{"references":["var.AMIS","var.AWS_REGION"]},"associate_public_ip_address":{"constant_value":true},"availability_zone":{"constant_value":"us-west-2a"},"instance_type":{"references":["var.instance_type"]},"key_name":{"constant_value":"vockey"},"subnet_id":{"references":["aws_subnet.subnet-1.id","aws_subnet.subnet-1"]},"tags":{"constant_value":{"Name":"Web server"}},"user_data":{},"vpc_security_group_ids":{"references":["aws_security_group.allow_web.id","aws_security_group.allow_web","aws_security_group.allow_ec2_aurora.id","aws_security_group.allow_ec2_aurora"]}},"schema_version":1},{"address":"aws_internet_gateway.gw","mode":"managed","type":"aws_internet_gateway","name":"gw","provider_config_key":"aws","expressions":{"vpc_id":{"references":["aws_vpc.pro_vpc.id","aws_vpc.pro_vpc"]}},"schema_version":0},{"address":"aws_rds_cluster.auroracluster","mode":"managed","type":"aws_rds_cluster","name":"auroracluster","provider_config_key":"aws","expressions":{"availability_zones":{"constant_value":["us-west-2a","us-west-2b"]},"cluster_identifier":{"constant_value":"auroracluster"},"database_name":{"constant_value":"auroradb"},"db_subnet_group_name":{"references":["aws_db_subnet_group.db_subnet.name","aws_db_subnet_group.db_subnet"]},"engine":{"constant_value":"aurora-mysql"},"engine_version":{"constant_value":"5.7.mysql_aurora.2.11.1"},"final_snapshot_identifier":{"constant_value":"aurora-final-snapshot"},"master_password":{"constant_value":"mustbeeightcharaters"},"master_username":{"constant_value":"test"},"skip_final_snapshot":{"constant_value":true},"tags":{"constant_value":{"Name":"auroracluster-db"}},"vpc_security_group_ids":{"references":["aws_security_group.allow_aurora_access.id","aws_security_group.allow_aurora_access"]}},"schema_version":0},{"address":"aws_rds_cluster_instance.clusterinstance","mode":"managed","type":"aws_rds_cluster_instance","name":"clusterinstance","provider_config_key":"aws","expressions":{"availability_zone":{"references":["count.index"]},"cluster_identifier":{"references":["aws_rds_cluster.auroracluster.id","aws_rds_cluster.auroracluster"]},"engine":{"constant_value":"aurora-mysql"},"identifier":{"references":["count.index"]},"instance_class":{"constant_value":"db.t3.small"},"tags":{"references":["count.index"]}},"schema_version":0,"count_expression":{"constant_value":2}},{"address":"aws_route_table.pro_rt","mode":"managed","type":"aws_route_table","name":"pro_rt","provider_config_key":"aws","expressions":{"route":{"references":["var.cidr_blocks","aws_internet_gateway.gw.id","aws_internet_gateway.gw","var.vpc_cidr"]},"tags":{"constant_value":{"Name":"pro_routetable"}},"vpc_id":{"references":["aws_vpc.pro_vpc.id","aws_vpc.pro_vpc"]}},"schema_version":0},{"address":"aws_route_table.pro_rt2","mode":"managed","type":"aws_route_table","name":"pro_rt2","provider_config_key":"aws","expressions":{"route":{"references":["var.vpc_cidr"]},"tags":{"constant_value":{"Name":"pro_routetable2"}},"vpc_id":{"references":["aws_vpc.pro_vpc.id","aws_vpc.pro_vpc"]}},"schema_version":0},{"address":"aws_route_table_association.a","mode":"managed","type":"aws_route_table_association","name":"a","provider_config_key":"aws","expressions":{"route_table_id":{"references":["aws_route_table.pro_rt.id","aws_route_table.pro_rt"]},"subnet_id":{"references":["aws_subnet.subnet-1.id","aws_subnet.subnet-1"]}},"schema_version":0,"depends_on":["aws_route_table.pro_rt","aws_subnet.subnet-1"]},{"address":"aws_route_table_association.a1","mode":"managed","type":"aws_route_table_association","name":"a1","provider_config_key":"aws","expressions":{"route_table_id":{"references":["aws_route_table.pro_rt.id","aws_route_table.pro_rt"]},"subnet_id":{"references":["aws_subnet.subnet-1a.id","aws_subnet.subnet-1a"]}},"schema_version":0,"depends_on":["aws_route_table.pro_rt","aws_subnet.subnet-1a"]},{"address":"aws_route_table_association.b","mode":"managed","type":"aws_route_table_association","name":"b","provider_config_key":"aws","expressions":{"route_table_id":{"references":["aws_route_table.pro_rt2.id","aws_route_table.pro_rt2"]},"subnet_id":{"references":["aws_subnet.subnet-2.id","aws_subnet.subnet-2"]}},"schema_version":0,"depends_on":["aws_route_table.pro_rt2","aws_subnet.subnet-2"]},{"address":"aws_route_table_association.b2","mode":"managed","type":"aws_route_table_association","name":"b2","provider_config_key":"aws","expressions":{"route_table_id":{"references":["aws_route_table.pro_rt2.id","aws_route_table.pro_rt2"]},"subnet_id":{"references":["aws_subnet.subnet-2a.id","aws_subnet.subnet-2a"]}},"schema_version":0,"depends_on":["aws_route_table.pro_rt2","aws_subnet.subnet-2a"]},{"address":"aws_security_group.allow_aurora_access","mode":"managed","type":"aws_security_group","name":"allow_aurora_access","provider_config_key":"aws","expressions":{"description":{"constant_value":"Allow EC2 to aurora"},"ingress":{"references":["aws_security_group.allow_ssh.id","aws_security_group.allow_ssh"]},"name":{"constant_value":"allow_aurora_access"},"tags":{"constant_value":{"Name":"aurora-stack-allow-aurora-MySQL"}},"vpc_id":{"references":["aws_vpc.pro_vpc.id","aws_vpc.pro_vpc"]}},"schema_version":1},{"address":"aws_security_group.allow_ec2_aurora","mode":"managed","type":"aws_security_group","name":"allow_ec2_aurora","provider_config_key":"aws","expressions":{"description":{"constant_value":"Allow EC2 to Aurora traffic"},"egress":{"constant_value":[{"cidr_blocks":["0.0.0.0/0"],"description":null,"from_port":3306,"ipv6_cidr_blocks":null,"prefix_list_ids":null,"protocol":"tcp","security_groups":null,"self":null,"to_port":3306}]},"ingress":{"constant_value":[{"cidr_blocks":["0.0.0.0/0"],"description":"allow ec2 to aurora","from_port":22,"ipv6_cidr_blocks":null,"prefix_list_ids":null,"protocol":"tcp","security_groups":null,"self":null,"to_port":22}]},"name":{"constant_value":"allow_ec2_aurora"},"tags":{"constant_value":{"Name":"allow_ssh"}},"vpc_id":{"references":["aws_vpc.pro_vpc.id","aws_vpc.pro_vpc"]}},"schema_version":1},{"address":"aws_security_group.allow_ssh","mode":"managed","type":"aws_security_group","name":"allow_ssh","provider_config_key":"aws","expressions":{"description":{"constant_value":"Allow SSH traffic"},"egress":{"constant_value":[{"cidr_blocks":["0.0.0.0/0"],"description":null,"from_port":0,"ipv6_cidr_blocks":null,"prefix_list_ids":null,"protocol":"-1","security_groups":null,"self":null,"to_port":0}]},"ingress":{"constant_value":[{"cidr_blocks":["0.0.0.0/0"],"description":"allow SSH","from_port":22,"ipv6_cidr_blocks":null,"prefix_list_ids":null,"protocol":"tcp","security_groups":null,"self":null,"to_port":22}]},"name":{"constant_value":"allow_ssh"},"tags":{"constant_value":{"Name":"allow_ssh"}},"vpc_id":{"references":["aws_vpc.pro_vpc.id","aws_vpc.pro_vpc"]}},"schema_version":1},{"address":"aws_security_group.allow_web","mode":"managed","type":"aws_security_group","name":"allow_web","provider_config_key":"aws","expressions":{"description":{"constant_value":"Allow web inbound traffic"},"egress":{"references":["var.cidr_blocks"]},"ingress":{"references":["var.cidr_blocks","var.cidr_blocks","var.cidr_blocks"]},"name":{"constant_value":"allow_web"},"tags":{"constant_value":{"Name":"allow_web"}},"vpc_id":{"references":["aws_vpc.pro_vpc.id","aws_vpc.pro_vpc"]}},"schema_version":1},{"address":"aws_subnet.subnet-1","mode":"managed","type":"aws_subnet","name":"subnet-1","provider_config_key":"aws","expressions":{"availability_zone":{"constant_value":"us-west-2a"},"cidr_block":{"references":["var.public_cidr"]},"tags":{"constant_value":{"Name":"prod-subnet-Public"}},"vpc_id":{"references":["aws_vpc.pro_vpc.id","aws_vpc.pro_vpc"]}},"schema_version":1},{"address":"aws_subnet.subnet-1a","mode":"managed","type":"aws_subnet","name":"subnet-1a","provider_config_key":"aws","expressions":{"availability_zone":{"constant_value":"us-west-2b"},"cidr_block":{"references":["var.public_cidr2"]},"tags":{"constant_value":{"Name":"prod-subnet-Public2"}},"vpc_id":{"references":["aws_vpc.pro_vpc.id","aws_vpc.pro_vpc"]}},"schema_version":1},{"address":"aws_subnet.subnet-2","mode":"managed","type":"aws_subnet","name":"subnet-2","provider_config_key":"aws","expressions":{"availability_zone":{"constant_value":"us-west-2a"},"cidr_block":{"references":["var.private_cidr"]},"tags":{"constant_value":{"Name":"prod-subnet-Private"}},"vpc_id":{"references":["aws_vpc.pro_vpc.id","aws_vpc.pro_vpc"]}},"schema_version":1},{"address":"aws_subnet.subnet-2a","mode":"managed","type":"aws_subnet","name":"subnet-2a","provider_config_key":"aws","expressions":{"availability_zone":{"constant_value":"us-west-2b"},"cidr_block":{"references":["var.private_cidr2"]},"tags":{"constant_value":{"Name":"prod-subnet-Private2"}},"vpc_id":{"references":["aws_vpc.pro_vpc.id","aws_vpc.pro_vpc"]}},"schema_version":1},{"address":"aws_vpc.pro_vpc","mode":"managed","type":"aws_vpc","name":"pro_vpc","provider_config_key":"aws","expressions":{"cidr_block":{"references":["var.vpc_cidr"]},"enable_dns_hostnames":{"constant_value":true},"enable_dns_support":{"constant_value":true},"tags":{"constant_value":{"Name":"production"}}},"schema_version":1}],"variables":{"AMIS":{"default":{"us-east-1":"ami-0d2017e886fc2c0ab","us-west-2":"ami-00448a337adc93c05"},"description":"Region specific AWS Machine Images (AMI)"},"AWS_ACCESS_KEY":{"description":"AWS Access Key"},"AWS_REGION":{"default":"us-west-2","description":"AWS Region"},"AWS_SECRET_KEY":{"description":"AWS Access Key"},"apac_region":{"default":"us-west-2"},"cidr_blocks":{"default":"0.0.0.0/0"},"instance_type":{"default":"t3.micro"},"private_cidr":{"default":"10.0.2.0/24"},"private_cidr2":{"default":"10.0.3.0/24"},"public_cidr":{"default":"10.0.1.0/24"},"public_cidr2":{"default":"10.0.4.0/24"},"vpc_cidr":{"default":"10.0.0.0/16"}}}},"relevant_attributes":[{"resource":"aws_vpc.pro_vpc","attribute":["id"]},{"resource":"aws_route_table.pro_rt2","attribute":["id"]},{"resource":"aws_security_group.allow_ssh","attribute":["id"]},{"resource":"aws_route_table.pro_rt","attribute":["id"]},{"resource":"aws_security_group.allow_web","attribute":["id"]},{"resource":"aws_security_group.allow_ec2_aurora","attribute":["id"]},{"resource":"aws_internet_gateway.gw","attribute":["id"]},{"resource":"aws_subnet.subnet-2","attribute":["id"]},{"resource":"aws_subnet.subnet-1a","attribute":["id"]},{"resource":"aws_security_group.allow_aurora_access","attribute":["id"]},{"resource":"aws_subnet.subnet-2a","attribute":["id"]},{"resource":"aws_subnet.subnet-1","attribute":["id"]},{"resource":"aws_db_subnet_group.db_subnet","attribute":["name"]},{"resource":"aws_rds_cluster.auroracluster","attribute":["id"]}],"timestamp":"2023-11-15T12:25:33Z","errored":false}
