{"format_version":"1.2","terraform_version":"1.6.1","variables":{"AMIS":{"value":{"us-east-1":"ami-0d2017e886fc2c0ab","us-west-2":"ami-00448a337adc93c05"}},"AWS_ACCESS_KEY":{"value":""},"AWS_REGION":{"value":"us-west-2"},"AWS_SECRET_KEY":{"value":""},"apac_region":{"value":"us-west-2"},"cidr_blocks":{"value":"0.0.0.0/0"},"instance_type":{"value":"t3.micro"},"private_cidr":{"value":"10.0.2.0/24"},"private_cidr2":{"value":"10.0.3.0/24"},"public_cidr":{"value":"10.0.1.0/24"},"public_cidr2":{"value":"10.0.4.0/24"},"vpc_cidr":{"value":"10.0.0.0/16"}},"planned_values":{"root_module":{"resources":[{"address":"aws_autoscaling_group.prod-AutoScalingGroup","mode":"managed","type":"aws_autoscaling_group","name":"prod-AutoScalingGroup","provider_name":"registry.terraform.io/hashicorp/aws","schema_version":1,"values":{"capacity_rebalance":null,"context":null,"default_instance_warmup":null,"desired_capacity":2,"desired_capacity_type":null,"enabled_metrics":null,"force_delete":false,"force_delete_warm_pool":false,"health_check_grace_period":300,"health_check_type":"ELB","ignore_failed_scaling_activities":false,"initial_lifecycle_hook":[],"instance_maintenance_policy":[],"instance_refresh":[],"launch_configuration":null,"launch_template":[{"version":"$Latest"}],"max_instance_lifetime":null,"max_size":4,"metrics_granularity":"1Minute","min_elb_capacity":null,"min_size":2,"name":"prod-autoscaling-group","placement_group":null,"protect_from_scale_in":false,"suspended_processes":null,"tag":[],"termination_policies":null,"timeouts":null,"wait_for_capacity_timeout":"10m","wait_for_elb_capacity":null,"warm_pool":[]},"sensitive_values":{"availability_zones":[],"initial_lifecycle_hook":[],"instance_maintenance_policy":[],"instance_refresh":[],"launch_template":[{}],"load_balancers":[],"mixed_instances_policy":[],"tag":[],"target_group_arns":[],"traffic_source":[],"vpc_zone_identifier":[],"warm_pool":[]}},{"address":"aws_autoscaling_policy.prod_policy","mode":"managed","type":"aws_autoscaling_policy","name":"prod_policy","provider_name":"registry.terraform.io/hashicorp/aws","schema_version":0,"values":{"adjustment_type":null,"autoscaling_group_name":"prod-autoscaling-group","cooldown":null,"enabled":true,"estimated_instance_warmup":null,"min_adjustment_magnitude":null,"name":"CPUpolicy","policy_type":"TargetTrackingScaling","predictive_scaling_configuration":[],"scaling_adjustment":null,"step_adjustment":[],"target_tracking_configuration":[{"customized_metric_specification":[],"disable_scale_in":false,"predefined_metric_specification":[{"predefined_metric_type":"ASGAverageCPUUtilization","resource_label":null}],"target_value":75}]},"sensitive_values":{"predictive_scaling_configuration":[],"step_adjustment":[],"target_tracking_configuration":[{"customized_metric_specification":[],"predefined_metric_specification":[{}]}]}},{"address":"aws_db_subnet_group.db_subnet","mode":"managed","type":"aws_db_subnet_group","name":"db_subnet","provider_name":"registry.terraform.io/hashicorp/aws","schema_version":0,"values":{"description":"Managed by Terraform","name":"db_subnet_group","tags":{"Name":"Prod-aurora-db"},"tags_all":{"Name":"Prod-aurora-db"}},"sensitive_values":{"subnet_ids":[],"supported_network_types":[],"tags":{},"tags_all":{}}},{"address":"aws_instance.web_server_instance","mode":"managed","type":"aws_instance","name":"web_server_instance","provider_name":"registry.terraform.io/hashicorp/aws","schema_version":1,"values":{"ami":"ami-00448a337adc93c05","associate_public_ip_address":true,"availability_zone":"us-west-2a","credit_specification":[],"get_password_data":false,"hibernation":null,"instance_type":"t3.micro","key_name":"vockey","launch_template":[],"source_dest_check":true,"tags":{"Name":"Web server"},"tags_all":{"Name":"Web server"},"timeouts":null,"user_data":"e5399cc4cc152b3868b87163c50f7eafe262265b","user_data_replace_on_change":false,"volume_tags":null},"sensitive_values":{"capacity_reservation_specification":[],"cpu_options":[],"credit_specification":[],"ebs_block_device":[],"enclave_options":[],"ephemeral_block_device":[],"instance_market_options":[],"ipv6_addresses":[],"launch_template":[],"maintenance_options":[],"metadata_options":[],"network_interface":[],"private_dns_name_options":[],"root_block_device":[],"secondary_private_ips":[],"security_groups":[],"tags":{},"tags_all":{},"vpc_security_group_ids":[]}},{"address":"aws_internet_gateway.gw","mode":"managed","type":"aws_internet_gateway","name":"gw","provider_name":"registry.terraform.io/hashicorp/aws","schema_version":0,"values":{"tags":null,"timeouts":null},"sensitive_values":{"tags_all":{}}},{"address":"aws_launch_template.prod-launch-template","mode":"managed","type":"aws_launch_template","name":"prod-launch-template","provider_name":"registry.terraform.io/hashicorp/aws","schema_version":0,"values":{"block_device_mappings":[],"capacity_reservation_specification":[],"cpu_options":[],"credit_specification":[],"description":null,"disable_api_stop":null,"disable_api_termination":null,"ebs_optimized":null,"elastic_gpu_specifications":[],"elastic_inference_accelerator":[],"enclave_options":[],"hibernation_options":[],"iam_instance_profile":[],"image_id":"ami-093467ec28ae4fe03","instance_initiated_shutdown_behavior":null,"instance_market_options":[],"instance_requirements":[],"instance_type":"t2.micro","kernel_id":null,"key_name":null,"license_specification":[],"maintenance_options":[],"monitoring":[],"name":"WebserverLaunchTemplate","network_interfaces":[],"placement":[],"private_dns_name_options":[],"ram_disk_id":null,"security_group_names":null,"tag_specifications":[],"tags":null,"update_default_version":null,"user_data":"IyEgL2Jpbi9iYXNoCgojIFRoaXMgc2NyaXB0IGluc3RhbGxzIEFwYWNoZQoKIyBzdWRvIHl1bSB1cGRhdGUgLXkKCiMgc3VkbyB5dW0gaW5zdGFsbCAteSBodHRwZCAKCiMgIyBTdGFydCBBcGFjaGUgc2VydmljZSBhbmQgZW5hYmxlIGl0IG9uIHN5c3RlbSBzdGFydHVwCiMgc3VkbyBzeXN0ZW1jdGwgc3RhcnQgaHR0cGQKIyBzdWRvIHN5c3RlbWN0bCBlbmFibGUgaHR0cGQKCiMgRW5zdXJlIHRvIHVzZSB0aGlzIHdoZW4gY29ubmVjdGluZyB0byB5b3VyIERCIGZyb20gRUMyCiMgc3VkbyBkbmYgaW5zdGFsbCBtYXJpYWRiMTA1CgojIHVzZSB0aGUgd3JpdGVycyBpbnN0YW5jZSBlbmRwb2ludAojIG15c3FsIC1oIDxlbmRwb2ludD4gLVAgMzMwNiAtdSA8bXltYXN0ZXJ1c2VyPiAtcAoKIyAhL2Jpbi9iYXNoIC14ZQojIFNURVAgMSAtIFNldHBhc3N3b3JkICYgREIgVmFyaWFibGVzCgpEQk5hbWU9J2F1cm9yYV9kYicKREJVc2VyPSd0ZXN0JwpEQlBhc3N3b3JkPSdFeHRyYWpvczU4JwpEQlJvb3RQYXNzd29yZD0nRXh0cmFqb3M1OCcKCiMgIyBTVEVQIDIgLSBJbnN0YWxsIHN5c3RlbSBzb2Z0d2FyZSAtIGluY2x1ZGluZyBXZWIgYW5kIERCCgpzdWRvIHl1bSBpbnN0YWxsIC15IHdnZXQgcGhwLW15c3FsbmQgaHR0cGQgcGhwLWZwbSBwaHAtbXlzcWxpIG1hcmlhZGIxMDUtc2VydmVyIHBocC1qc29uIHBocCBwaHAtZGV2ZWwgCgojICMgU1RFUCAzIC0gV2ViIGFuZCBEQiBTZXJ2ZXJzIE9ubGluZSAtIGFuZCBzZXQgdG8gc3RhcnR1cAoKCnN5c3RlbWN0bCBlbmFibGUgaHR0cGQgCnN5c3RlbWN0bCBlbmFibGUgbWFyaWFkYiAKc3lzdGVtY3RsIHN0YXJ0IGh0dHBkIApzeXN0ZW1jdGwgc3RhcnQgbWFyaWFkYiAKCiMgIyBTVEVQIDQgLSBTZXQgTWFyaWFkYiBSb290IFBhc3N3b3JkCgpteXNxbGFkbWluIC11IHJvb3QgcGFzc3dvcmQgJERCUm9vdFBhc3N3b3JkCgojICMgU1RFUCA1IC0gSW5zdGFsbCBXb3JkcHJlc3MKCndnZXQgaHR0cDovL3dvcmRwcmVzcy5vcmcvbGF0ZXN0LnRhci5neiAtUCAvdmFyL3d3dy9odG1sCmNkIC92YXIvd3d3L2h0bWwKdGFyIC16eHZmIGxhdGVzdC50YXIuZ3ogCmNwIC1ydmYgd29yZHByZXNzLyogLiAKcm0gLVIgd29yZHByZXNzIApybSBsYXRlc3QudGFyLmd6CgojICMgU1RFUCA2IC0gQ29uZmlndXJlIFdvcmRwcmVzcwoKY3AgLi93cC1jb25maWctc2FtcGxlLnBocCAuL3dwLWNvbmZpZy5waHAKc2VkIC1pICJzLydkYXRhYmFzZV9uYW1lX2hlcmUnLyckREJOYW1lJy9nIiB3cC1jb25maWcucGhwIApzZWQgLWkgInMvJ3VzZXJuYW1lX2hlcmUnLyckREJVc2VyJy9nIiB3cC1jb25maWcucGhwIApzZWQgLWkgInMvJ3Bhc3N3b3JkX2hlcmUnLyckREJQYXNzd29yZCcvZyIgd3AtY29uZmlnLnBocCAKCiMgIyBTdGVwIDZhIC0gcGVybWlzc2lvbnMKCnVzZXJtb2QgLWEgLUcgYXBhY2hlIGVjMi11c2VyIApjaG93biAtUiBlYzItdXNlcjphcGFjaGUgL3Zhci93d3cgCmNobW9kIDI3NzUgL3Zhci93d3cgCmZpbmQgL3Zhci93d3cgLXR5cGUgZCAtZXhlYyBjaG1vZCAyNzc1IHt9IFw7IApmaW5kIC92YXIvd3d3IC10eXBlIGYgLWV4ZWMgY2htb2QgMDY2NCB7fSBcOyAKCiMgIyBTVEVQIDcgQ3JlYXRlIFdvcmRwcmVzcyBEYXRhYmFzZQoKZWNobyAiQ1JFQVRFIERBVEFCQVNFICREQk5hbWU7IiA+PiAvdG1wL2RiLnNldHVwIAplY2hvICJDUkVBVEUgVVNFUiAnJERCVXNlcidAJ2xvY2FsaG9zdCcgSURFTlRJRklFRCBCWSAnJERCUGFzc3dvcmQnOyIgPj4gL3RtcC9kYi5zZXR1cCAKZWNobyAiR1JBTlQgQUxMIE9OICREQk5hbWUuKiBUTyAnJERCVXNlcidAJ2xvY2FsaG9zdCc7IiA+PiAvdG1wL2RiLnNldHVwIAplY2hvICJGTFVTSCBQUklWSUxFR0VTOyIgPj4gL3RtcC9kYi5zZXR1cCAKbXlzcWwgLXUgcm9vdCAtLXBhc3N3b3JkPSREQlJvb3RQYXNzd29yZCA8IC90bXAvZGIuc2V0dXAKc3VkbyBybSAvdG1wL2RiLnNldHVwCgojICMgQ3JlYXRlICBXb3JkcHJlc3MgRGF0YWJhc2UgQmFja3VwCiMgbXlzcWxkdW1wIC0tdXNlcj1yb290IC0tcGFzc3dvcmQ9J0V4dHJham9zODUnIFwKIyAtLWRhdGFiYXNlcyAvdG1wL2RiLnNldHVwIC0tYWRkLWRyb3AtZGF0YWJhc2UgPiBkYi1iYWNrdXAuc3FsCgojICMgTWlncmF0aW9uIENvZGUKIyBteXNxbCAtLXVzZXI9cm9vdCAtLXBhc3N3b3JkPSdFeHRyYWpvczU4JyBcCiMgLS1ob3N0PTxSRFMgSW5zdGFuY2UgRGF0YWJhc2UgRW5kcG9pbnQgQWRkcmVzcz4gXAojIDwgZGItYmFja3VwLnNxbAoKIyAjIE1pZ3JhdGlvbiBDb25maXJtYXRpb24KIyBteXNxbCAtLXVzZXI9cm9vdCAtLXBhc3N3b3JkPSdFeHRyYWpvczU4JyBcCiMgLS1ob3N0PTxSRFMgSW5zdGFuY2UgRGF0YWJhc2UgRW5kcG9pbnQgQWRkcmVzcz4gXAojIGRiLnNldHVw"},"sensitive_values":{"block_device_mappings":[],"capacity_reservation_specification":[],"cpu_options":[],"credit_specification":[],"elastic_gpu_specifications":[],"elastic_inference_accelerator":[],"enclave_options":[],"hibernation_options":[],"iam_instance_profile":[],"instance_market_options":[],"instance_requirements":[],"license_specification":[],"maintenance_options":[],"metadata_options":[],"monitoring":[],"network_interfaces":[],"placement":[],"private_dns_name_options":[],"tag_specifications":[],"tags_all":{},"vpc_security_group_ids":[]}},{"address":"aws_lb.prod_loadBalancer","mode":"managed","type":"aws_lb","name":"prod_loadBalancer","provider_name":"registry.terraform.io/hashicorp/aws","schema_version":0,"values":{"access_logs":[],"customer_owned_ipv4_pool":null,"desync_mitigation_mode":"defensive","dns_record_client_routing_policy":null,"drop_invalid_header_fields":false,"enable_cross_zone_load_balancing":null,"enable_deletion_protection":false,"enable_http2":true,"enable_tls_version_and_cipher_suite_headers":false,"enable_waf_fail_open":false,"enable_xff_client_port":false,"idle_timeout":60,"internal":false,"load_balancer_type":"application","name":"Production-elb","preserve_host_header":false,"tags":{"Environment":"production"},"tags_all":{"Environment":"production"},"timeouts":null,"xff_header_processing_mode":"append"},"sensitive_values":{"access_logs":[],"security_groups":[],"subnet_mapping":[],"subnets":[],"tags":{},"tags_all":{}}},{"address":"aws_lb_listener.prod-listener","mode":"managed","type":"aws_lb_listener","name":"prod-listener","provider_name":"registry.terraform.io/hashicorp/aws","schema_version":0,"values":{"alpn_policy":null,"certificate_arn":null,"default_action":[{"authenticate_cognito":[],"authenticate_oidc":[],"fixed_response":[],"forward":[],"redirect":[],"type":"forward"}],"port":80,"protocol":"HTTP","tags":null,"timeouts":null},"sensitive_values":{"default_action":[{"authenticate_cognito":[],"authenticate_oidc":[],"fixed_response":[],"forward":[],"redirect":[]}],"tags_all":{}}},{"address":"aws_lb_target_group.prod-target-group","mode":"managed","type":"aws_lb_target_group","name":"prod-target-group","provider_name":"registry.terraform.io/hashicorp/aws","schema_version":0,"values":{"deregistration_delay":"300","lambda_multi_value_headers_enabled":false,"name":"CPUtest-tg","port":80,"protocol":"HTTP","proxy_protocol_v2":false,"slow_start":0,"tags":null,"target_type":"instance"},"sensitive_values":{"health_check":[],"stickiness":[],"tags_all":{},"target_failover":[],"target_health_state":[]}},{"address":"aws_rds_cluster.auroracluster","mode":"managed","type":"aws_rds_cluster","name":"auroracluster","provider_name":"registry.terraform.io/hashicorp/aws","schema_version":1,"values":{"allow_major_version_upgrade":null,"availability_zones":["us-west-2a","us-west-2b"],"backtrack_window":null,"cluster_identifier":"auroracluster","copy_tags_to_snapshot":false,"database_name":"aurora_db","db_cluster_instance_class":null,"db_instance_parameter_group_name":null,"db_subnet_group_name":"db_subnet_group","delete_automated_backups":true,"deletion_protection":null,"enable_global_write_forwarding":false,"enable_http_endpoint":false,"enabled_cloudwatch_logs_exports":null,"engine":"aurora-mysql","engine_mode":"provisioned","engine_version":"5.7.mysql_aurora.2.11.1","final_snapshot_identifier":"aurora-final-snapshot","global_cluster_identifier":null,"iam_database_authentication_enabled":null,"iops":null,"manage_master_user_password":null,"master_password":"Extrajos58","master_username":"test","replication_source_identifier":null,"restore_to_point_in_time":[],"s3_import":[],"scaling_configuration":[],"serverlessv2_scaling_configuration":[],"skip_final_snapshot":true,"snapshot_identifier":null,"source_region":null,"tags":{"Name":"auroracluster-db"},"tags_all":{"Name":"auroracluster-db"},"timeouts":null},"sensitive_values":{"availability_zones":[false,false],"cluster_members":[],"iam_roles":[],"master_user_secret":[],"restore_to_point_in_time":[],"s3_import":[],"scaling_configuration":[],"serverlessv2_scaling_configuration":[],"tags":{},"tags_all":{},"vpc_security_group_ids":[]}},{"address":"aws_rds_cluster_instance.clusterinstance[0]","mode":"managed","type":"aws_rds_cluster_instance","name":"clusterinstance","index":0,"provider_name":"registry.terraform.io/hashicorp/aws","schema_version":0,"values":{"auto_minor_version_upgrade":true,"availability_zone":"us-west-2a","copy_tags_to_snapshot":false,"custom_iam_instance_profile":null,"engine":"aurora-mysql","identifier":"clusterinstance-0","instance_class":"db.t3.small","monitoring_interval":0,"promotion_tier":0,"publicly_accessible":false,"tags":{"Name":"auroracluster-db-instance1"},"tags_all":{"Name":"auroracluster-db-instance1"},"timeouts":null},"sensitive_values":{"tags":{},"tags_all":{}}},{"address":"aws_rds_cluster_instance.clusterinstance[1]","mode":"managed","type":"aws_rds_cluster_instance","name":"clusterinstance","index":1,"provider_name":"registry.terraform.io/hashicorp/aws","schema_version":0,"values":{"auto_minor_version_upgrade":true,"availability_zone":"us-west-2b","copy_tags_to_snapshot":false,"custom_iam_instance_profile":null,"engine":"aurora-mysql","identifier":"clusterinstance-1","instance_class":"db.t3.small","monitoring_interval":0,"promotion_tier":0,"publicly_accessible":false,"tags":{"Name":"auroracluster-db-instance2"},"tags_all":{"Name":"auroracluster-db-instance2"},"timeouts":null},"sensitive_values":{"tags":{},"tags_all":{}}},{"address":"aws_route_table.pro_rt","mode":"managed","type":"aws_route_table","name":"pro_rt","provider_name":"registry.terraform.io/hashicorp/aws","schema_version":0,"values":{"route":[{"carrier_gateway_id":"","cidr_block":"0.0.0.0/0","core_network_arn":"","destination_prefix_list_id":"","egress_only_gateway_id":"","ipv6_cidr_block":"","local_gateway_id":"","nat_gateway_id":"","network_interface_id":"","transit_gateway_id":"","vpc_endpoint_id":"","vpc_peering_connection_id":""},{"carrier_gateway_id":"","cidr_block":"10.0.0.0/16","core_network_arn":"","destination_prefix_list_id":"","egress_only_gateway_id":"","gateway_id":"local","ipv6_cidr_block":"","local_gateway_id":"","nat_gateway_id":"","network_interface_id":"","transit_gateway_id":"","vpc_endpoint_id":"","vpc_peering_connection_id":""}],"tags":{"Name":"pro_routetable"},"tags_all":{"Name":"pro_routetable"},"timeouts":null},"sensitive_values":{"propagating_vgws":[],"route":[{},{}],"tags":{},"tags_all":{}}},{"address":"aws_route_table.pro_rt2","mode":"managed","type":"aws_route_table","name":"pro_rt2","provider_name":"registry.terraform.io/hashicorp/aws","schema_version":0,"values":{"route":[{"carrier_gateway_id":"","cidr_block":"10.0.0.0/16","core_network_arn":"","destination_prefix_list_id":"","egress_only_gateway_id":"","gateway_id":"local","ipv6_cidr_block":"","local_gateway_id":"","nat_gateway_id":"","network_interface_id":"","transit_gateway_id":"","vpc_endpoint_id":"","vpc_peering_connection_id":""}],"tags":{"Name":"pro_routetable2"},"tags_all":{"Name":"pro_routetable2"},"timeouts":null},"sensitive_values":{"propagating_vgws":[],"route":[{}],"tags":{},"tags_all":{}}},{"address":"aws_route_table_association.a","mode":"managed","type":"aws_route_table_association","name":"a","provider_name":"registry.terraform.io/hashicorp/aws","schema_version":0,"values":{"gateway_id":null,"timeouts":null},"sensitive_values":{}},{"address":"aws_route_table_association.a1","mode":"managed","type":"aws_route_table_association","name":"a1","provider_name":"registry.terraform.io/hashicorp/aws","schema_version":0,"values":{"gateway_id":null,"timeouts":null},"sensitive_values":{}},{"address":"aws_route_table_association.b","mode":"managed","type":"aws_route_table_association","name":"b","provider_name":"registry.terraform.io/hashicorp/aws","schema_version":0,"values":{"gateway_id":null,"timeouts":null},"sensitive_values":{}},{"address":"aws_route_table_association.b2","mode":"managed","type":"aws_route_table_association","name":"b2","provider_name":"registry.terraform.io/hashicorp/aws","schema_version":0,"values":{"gateway_id":null,"timeouts":null},"sensitive_values":{}},{"address":"aws_security_group.allow_aurora_access","mode":"managed","type":"aws_security_group","name":"allow_aurora_access","provider_name":"registry.terraform.io/hashicorp/aws","schema_version":1,"values":{"description":"Allow EC2 to aurora","ingress":[{"cidr_blocks":[],"description":"","from_port":3306,"ipv6_cidr_blocks":[],"prefix_list_ids":[],"protocol":"tcp","self":false,"to_port":3306}],"name":"allow_aurora_access","revoke_rules_on_delete":false,"tags":{"Name":"aurora-stack-allow-aurora-MySQL"},"tags_all":{"Name":"aurora-stack-allow-aurora-MySQL"},"timeouts":null},"sensitive_values":{"egress":[],"ingress":[{"cidr_blocks":[],"ipv6_cidr_blocks":[],"prefix_list_ids":[],"security_groups":[]}],"tags":{},"tags_all":{}}},{"address":"aws_security_group.allow_ssh","mode":"managed","type":"aws_security_group","name":"allow_ssh","provider_name":"registry.terraform.io/hashicorp/aws","schema_version":1,"values":{"description":"Allow SSH traffic","egress":[{"cidr_blocks":["0.0.0.0/0"],"description":"","from_port":0,"ipv6_cidr_blocks":[],"prefix_list_ids":[],"protocol":"-1","security_groups":[],"self":false,"to_port":0}],"ingress":[{"cidr_blocks":["0.0.0.0/0"],"description":"allow SSH","from_port":22,"ipv6_cidr_blocks":[],"prefix_list_ids":[],"protocol":"tcp","security_groups":[],"self":false,"to_port":22}],"name":"allow_ssh","revoke_rules_on_delete":false,"tags":{"Name":"allow_ssh"},"tags_all":{"Name":"allow_ssh"},"timeouts":null},"sensitive_values":{"egress":[{"cidr_blocks":[false],"ipv6_cidr_blocks":[],"prefix_list_ids":[],"security_groups":[]}],"ingress":[{"cidr_blocks":[false],"ipv6_cidr_blocks":[],"prefix_list_ids":[],"security_groups":[]}],"tags":{},"tags_all":{}}},{"address":"aws_security_group.allow_web","mode":"managed","type":"aws_security_group","name":"allow_web","provider_name":"registry.terraform.io/hashicorp/aws","schema_version":1,"values":{"description":"Allow web inbound traffic","egress":[{"cidr_blocks":["0.0.0.0/0"],"description":"","from_port":0,"ipv6_cidr_blocks":[],"prefix_list_ids":[],"protocol":"-1","security_groups":[],"self":false,"to_port":0}],"ingress":[{"cidr_blocks":["0.0.0.0/0"],"description":"http from VPC","from_port":80,"ipv6_cidr_blocks":[],"prefix_list_ids":[],"protocol":"tcp","security_groups":[],"self":false,"to_port":80},{"cidr_blocks":["0.0.0.0/0"],"description":"https from VPC","from_port":443,"ipv6_cidr_blocks":[],"prefix_list_ids":[],"protocol":"tcp","security_groups":[],"self":false,"to_port":443},{"cidr_blocks":["0.0.0.0/0"],"description":"ssh from VPC","from_port":22,"ipv6_cidr_blocks":[],"prefix_list_ids":[],"protocol":"tcp","security_groups":[],"self":false,"to_port":22}],"name":"allow_web","revoke_rules_on_delete":false,"tags":{"Name":"allow_web"},"tags_all":{"Name":"allow_web"},"timeouts":null},"sensitive_values":{"egress":[{"cidr_blocks":[false],"ipv6_cidr_blocks":[],"prefix_list_ids":[],"security_groups":[]}],"ingress":[{"cidr_blocks":[false],"ipv6_cidr_blocks":[],"prefix_list_ids":[],"security_groups":[]},{"cidr_blocks":[false],"ipv6_cidr_blocks":[],"prefix_list_ids":[],"security_groups":[]},{"cidr_blocks":[false],"ipv6_cidr_blocks":[],"prefix_list_ids":[],"security_groups":[]}],"tags":{},"tags_all":{}}},{"address":"aws_subnet.subnet-1","mode":"managed","type":"aws_subnet","name":"subnet-1","provider_name":"registry.terraform.io/hashicorp/aws","schema_version":1,"values":{"assign_ipv6_address_on_creation":false,"availability_zone":"us-west-2a","cidr_block":"10.0.1.0/24","customer_owned_ipv4_pool":null,"enable_dns64":false,"enable_lni_at_device_index":null,"enable_resource_name_dns_a_record_on_launch":false,"enable_resource_name_dns_aaaa_record_on_launch":false,"ipv6_cidr_block":null,"ipv6_native":false,"map_customer_owned_ip_on_launch":null,"map_public_ip_on_launch":false,"outpost_arn":null,"tags":{"Name":"prod-subnet-Public"},"tags_all":{"Name":"prod-subnet-Public"},"timeouts":null},"sensitive_values":{"tags":{},"tags_all":{}}},{"address":"aws_subnet.subnet-1a","mode":"managed","type":"aws_subnet","name":"subnet-1a","provider_name":"registry.terraform.io/hashicorp/aws","schema_version":1,"values":{"assign_ipv6_address_on_creation":false,"availability_zone":"us-west-2b","cidr_block":"10.0.4.0/24","customer_owned_ipv4_pool":null,"enable_dns64":false,"enable_lni_at_device_index":null,"enable_resource_name_dns_a_record_on_launch":false,"enable_resource_name_dns_aaaa_record_on_launch":false,"ipv6_cidr_block":null,"ipv6_native":false,"map_customer_owned_ip_on_launch":null,"map_public_ip_on_launch":false,"outpost_arn":null,"tags":{"Name":"prod-subnet-Public2"},"tags_all":{"Name":"prod-subnet-Public2"},"timeouts":null},"sensitive_values":{"tags":{},"tags_all":{}}},{"address":"aws_subnet.subnet-2","mode":"managed","type":"aws_subnet","name":"subnet-2","provider_name":"registry.terraform.io/hashicorp/aws","schema_version":1,"values":{"assign_ipv6_address_on_creation":false,"availability_zone":"us-west-2a","cidr_block":"10.0.2.0/24","customer_owned_ipv4_pool":null,"enable_dns64":false,"enable_lni_at_device_index":null,"enable_resource_name_dns_a_record_on_launch":false,"enable_resource_name_dns_aaaa_record_on_launch":false,"ipv6_cidr_block":null,"ipv6_native":false,"map_customer_owned_ip_on_launch":null,"map_public_ip_on_launch":false,"outpost_arn":null,"tags":{"Name":"prod-subnet-Private"},"tags_all":{"Name":"prod-subnet-Private"},"timeouts":null},"sensitive_values":{"tags":{},"tags_all":{}}},{"address":"aws_subnet.subnet-2a","mode":"managed","type":"aws_subnet","name":"subnet-2a","provider_name":"registry.terraform.io/hashicorp/aws","schema_version":1,"values":{"assign_ipv6_address_on_creation":false,"availability_zone":"us-west-2b","cidr_block":"10.0.3.0/24","customer_owned_ipv4_pool":null,"enable_dns64":false,"enable_lni_at_device_index":null,"enable_resource_name_dns_a_record_on_launch":false,"enable_resource_name_dns_aaaa_record_on_launch":false,"ipv6_cidr_block":null,"ipv6_native":false,"map_customer_owned_ip_on_launch":null,"map_public_ip_on_launch":false,"outpost_arn":null,"tags":{"Name":"prod-subnet-Private2"},"tags_all":{"Name":"prod-subnet-Private2"},"timeouts":null},"sensitive_values":{"tags":{},"tags_all":{}}},{"address":"aws_vpc.pro_vpc","mode":"managed","type":"aws_vpc","name":"pro_vpc","provider_name":"registry.terraform.io/hashicorp/aws","schema_version":1,"values":{"assign_generated_ipv6_cidr_block":null,"cidr_block":"10.0.0.0/16","enable_dns_hostnames":true,"enable_dns_support":true,"instance_tenancy":"default","ipv4_ipam_pool_id":null,"ipv4_netmask_length":null,"ipv6_ipam_pool_id":null,"ipv6_netmask_length":null,"tags":{"Name":"production"},"tags_all":{"Name":"production"}},"sensitive_values":{"tags":{},"tags_all":{}}}]}},"resource_changes":[{"address":"aws_autoscaling_group.prod-AutoScalingGroup","mode":"managed","type":"aws_autoscaling_group","name":"prod-AutoScalingGroup","provider_name":"registry.terraform.io/hashicorp/aws","change":{"actions":["create"],"before":null,"after":{"capacity_rebalance":null,"context":null,"default_instance_warmup":null,"desired_capacity":2,"desired_capacity_type":null,"enabled_metrics":null,"force_delete":false,"force_delete_warm_pool":false,"health_check_grace_period":300,"health_check_type":"ELB","ignore_failed_scaling_activities":false,"initial_lifecycle_hook":[],"instance_maintenance_policy":[],"instance_refresh":[],"launch_configuration":null,"launch_template":[{"version":"$Latest"}],"max_instance_lifetime":null,"max_size":4,"metrics_granularity":"1Minute","min_elb_capacity":null,"min_size":2,"name":"prod-autoscaling-group","placement_group":null,"protect_from_scale_in":false,"suspended_processes":null,"tag":[],"termination_policies":null,"timeouts":null,"wait_for_capacity_timeout":"10m","wait_for_elb_capacity":null,"warm_pool":[]},"after_unknown":{"arn":true,"availability_zones":true,"default_cooldown":true,"id":true,"initial_lifecycle_hook":[],"instance_maintenance_policy":[],"instance_refresh":[],"launch_template":[{"id":true,"name":true}],"load_balancers":true,"mixed_instances_policy":true,"name_prefix":true,"predicted_capacity":true,"service_linked_role_arn":true,"tag":[],"target_group_arns":true,"traffic_source":true,"vpc_zone_identifier":true,"warm_pool":[],"warm_pool_size":true},"before_sensitive":false,"after_sensitive":{"availability_zones":[],"initial_lifecycle_hook":[],"instance_maintenance_policy":[],"instance_refresh":[],"launch_template":[{}],"load_balancers":[],"mixed_instances_policy":[],"tag":[],"target_group_arns":[],"traffic_source":[],"vpc_zone_identifier":[],"warm_pool":[]}}},{"address":"aws_autoscaling_policy.prod_policy","mode":"managed","type":"aws_autoscaling_policy","name":"prod_policy","provider_name":"registry.terraform.io/hashicorp/aws","change":{"actions":["create"],"before":null,"after":{"adjustment_type":null,"autoscaling_group_name":"prod-autoscaling-group","cooldown":null,"enabled":true,"estimated_instance_warmup":null,"min_adjustment_magnitude":null,"name":"CPUpolicy","policy_type":"TargetTrackingScaling","predictive_scaling_configuration":[],"scaling_adjustment":null,"step_adjustment":[],"target_tracking_configuration":[{"customized_metric_specification":[],"disable_scale_in":false,"predefined_metric_specification":[{"predefined_metric_type":"ASGAverageCPUUtilization","resource_label":null}],"target_value":75}]},"after_unknown":{"arn":true,"id":true,"metric_aggregation_type":true,"predictive_scaling_configuration":[],"step_adjustment":[],"target_tracking_configuration":[{"customized_metric_specification":[],"predefined_metric_specification":[{}]}]},"before_sensitive":false,"after_sensitive":{"predictive_scaling_configuration":[],"step_adjustment":[],"target_tracking_configuration":[{"customized_metric_specification":[],"predefined_metric_specification":[{}]}]}}},{"address":"aws_db_subnet_group.db_subnet","mode":"managed","type":"aws_db_subnet_group","name":"db_subnet","provider_name":"registry.terraform.io/hashicorp/aws","change":{"actions":["create"],"before":null,"after":{"description":"Managed by Terraform","name":"db_subnet_group","tags":{"Name":"Prod-aurora-db"},"tags_all":{"Name":"Prod-aurora-db"}},"after_unknown":{"arn":true,"id":true,"name_prefix":true,"subnet_ids":true,"supported_network_types":true,"tags":{},"tags_all":{},"vpc_id":true},"before_sensitive":false,"after_sensitive":{"subnet_ids":[],"supported_network_types":[],"tags":{},"tags_all":{}}}},{"address":"aws_instance.web_server_instance","mode":"managed","type":"aws_instance","name":"web_server_instance","provider_name":"registry.terraform.io/hashicorp/aws","change":{"actions":["create"],"before":null,"after":{"ami":"ami-00448a337adc93c05","associate_public_ip_address":true,"availability_zone":"us-west-2a","credit_specification":[],"get_password_data":false,"hibernation":null,"instance_type":"t3.micro","key_name":"vockey","launch_template":[],"source_dest_check":true,"tags":{"Name":"Web server"},"tags_all":{"Name":"Web server"},"timeouts":null,"user_data":"e5399cc4cc152b3868b87163c50f7eafe262265b","user_data_replace_on_change":false,"volume_tags":null},"after_unknown":{"arn":true,"capacity_reservation_specification":true,"cpu_core_count":true,"cpu_options":true,"cpu_threads_per_core":true,"credit_specification":[],"disable_api_stop":true,"disable_api_termination":true,"ebs_block_device":true,"ebs_optimized":true,"enclave_options":true,"ephemeral_block_device":true,"host_id":true,"host_resource_group_arn":true,"iam_instance_profile":true,"id":true,"instance_initiated_shutdown_behavior":true,"instance_lifecycle":true,"instance_market_options":true,"instance_state":true,"ipv6_address_count":true,"ipv6_addresses":true,"launch_template":[],"maintenance_options":true,"metadata_options":true,"monitoring":true,"network_interface":true,"outpost_arn":true,"password_data":true,"placement_group":true,"placement_partition_number":true,"primary_network_interface_id":true,"private_dns":true,"private_dns_name_options":true,"private_ip":true,"public_dns":true,"public_ip":true,"root_block_device":true,"secondary_private_ips":true,"security_groups":true,"spot_instance_request_id":true,"subnet_id":true,"tags":{},"tags_all":{},"tenancy":true,"user_data_base64":true,"vpc_security_group_ids":true},"before_sensitive":false,"after_sensitive":{"capacity_reservation_specification":[],"cpu_options":[],"credit_specification":[],"ebs_block_device":[],"enclave_options":[],"ephemeral_block_device":[],"instance_market_options":[],"ipv6_addresses":[],"launch_template":[],"maintenance_options":[],"metadata_options":[],"network_interface":[],"private_dns_name_options":[],"root_block_device":[],"secondary_private_ips":[],"security_groups":[],"tags":{},"tags_all":{},"vpc_security_group_ids":[]}}},{"address":"aws_internet_gateway.gw","mode":"managed","type":"aws_internet_gateway","name":"gw","provider_name":"registry.terraform.io/hashicorp/aws","change":{"actions":["create"],"before":null,"after":{"tags":null,"timeouts":null},"after_unknown":{"arn":true,"id":true,"owner_id":true,"tags_all":true,"vpc_id":true},"before_sensitive":false,"after_sensitive":{"tags_all":{}}}},{"address":"aws_launch_template.prod-launch-template","mode":"managed","type":"aws_launch_template","name":"prod-launch-template","provider_name":"registry.terraform.io/hashicorp/aws","change":{"actions":["create"],"before":null,"after":{"block_device_mappings":[],"capacity_reservation_specification":[],"cpu_options":[],"credit_specification":[],"description":null,"disable_api_stop":null,"disable_api_termination":null,"ebs_optimized":null,"elastic_gpu_specifications":[],"elastic_inference_accelerator":[],"enclave_options":[],"hibernation_options":[],"iam_instance_profile":[],"image_id":"ami-093467ec28ae4fe03","instance_initiated_shutdown_behavior":null,"instance_market_options":[],"instance_requirements":[],"instance_type":"t2.micro","kernel_id":null,"key_name":null,"license_specification":[],"maintenance_options":[],"monitoring":[],"name":"WebserverLaunchTemplate","network_interfaces":[],"placement":[],"private_dns_name_options":[],"ram_disk_id":null,"security_group_names":null,"tag_specifications":[],"tags":null,"update_default_version":null,"user_data":"IyEgL2Jpbi9iYXNoCgojIFRoaXMgc2NyaXB0IGluc3RhbGxzIEFwYWNoZQoKIyBzdWRvIHl1bSB1cGRhdGUgLXkKCiMgc3VkbyB5dW0gaW5zdGFsbCAteSBodHRwZCAKCiMgIyBTdGFydCBBcGFjaGUgc2VydmljZSBhbmQgZW5hYmxlIGl0IG9uIHN5c3RlbSBzdGFydHVwCiMgc3VkbyBzeXN0ZW1jdGwgc3RhcnQgaHR0cGQKIyBzdWRvIHN5c3RlbWN0bCBlbmFibGUgaHR0cGQKCiMgRW5zdXJlIHRvIHVzZSB0aGlzIHdoZW4gY29ubmVjdGluZyB0byB5b3VyIERCIGZyb20gRUMyCiMgc3VkbyBkbmYgaW5zdGFsbCBtYXJpYWRiMTA1CgojIHVzZSB0aGUgd3JpdGVycyBpbnN0YW5jZSBlbmRwb2ludAojIG15c3FsIC1oIDxlbmRwb2ludD4gLVAgMzMwNiAtdSA8bXltYXN0ZXJ1c2VyPiAtcAoKIyAhL2Jpbi9iYXNoIC14ZQojIFNURVAgMSAtIFNldHBhc3N3b3JkICYgREIgVmFyaWFibGVzCgpEQk5hbWU9J2F1cm9yYV9kYicKREJVc2VyPSd0ZXN0JwpEQlBhc3N3b3JkPSdFeHRyYWpvczU4JwpEQlJvb3RQYXNzd29yZD0nRXh0cmFqb3M1OCcKCiMgIyBTVEVQIDIgLSBJbnN0YWxsIHN5c3RlbSBzb2Z0d2FyZSAtIGluY2x1ZGluZyBXZWIgYW5kIERCCgpzdWRvIHl1bSBpbnN0YWxsIC15IHdnZXQgcGhwLW15c3FsbmQgaHR0cGQgcGhwLWZwbSBwaHAtbXlzcWxpIG1hcmlhZGIxMDUtc2VydmVyIHBocC1qc29uIHBocCBwaHAtZGV2ZWwgCgojICMgU1RFUCAzIC0gV2ViIGFuZCBEQiBTZXJ2ZXJzIE9ubGluZSAtIGFuZCBzZXQgdG8gc3RhcnR1cAoKCnN5c3RlbWN0bCBlbmFibGUgaHR0cGQgCnN5c3RlbWN0bCBlbmFibGUgbWFyaWFkYiAKc3lzdGVtY3RsIHN0YXJ0IGh0dHBkIApzeXN0ZW1jdGwgc3RhcnQgbWFyaWFkYiAKCiMgIyBTVEVQIDQgLSBTZXQgTWFyaWFkYiBSb290IFBhc3N3b3JkCgpteXNxbGFkbWluIC11IHJvb3QgcGFzc3dvcmQgJERCUm9vdFBhc3N3b3JkCgojICMgU1RFUCA1IC0gSW5zdGFsbCBXb3JkcHJlc3MKCndnZXQgaHR0cDovL3dvcmRwcmVzcy5vcmcvbGF0ZXN0LnRhci5neiAtUCAvdmFyL3d3dy9odG1sCmNkIC92YXIvd3d3L2h0bWwKdGFyIC16eHZmIGxhdGVzdC50YXIuZ3ogCmNwIC1ydmYgd29yZHByZXNzLyogLiAKcm0gLVIgd29yZHByZXNzIApybSBsYXRlc3QudGFyLmd6CgojICMgU1RFUCA2IC0gQ29uZmlndXJlIFdvcmRwcmVzcwoKY3AgLi93cC1jb25maWctc2FtcGxlLnBocCAuL3dwLWNvbmZpZy5waHAKc2VkIC1pICJzLydkYXRhYmFzZV9uYW1lX2hlcmUnLyckREJOYW1lJy9nIiB3cC1jb25maWcucGhwIApzZWQgLWkgInMvJ3VzZXJuYW1lX2hlcmUnLyckREJVc2VyJy9nIiB3cC1jb25maWcucGhwIApzZWQgLWkgInMvJ3Bhc3N3b3JkX2hlcmUnLyckREJQYXNzd29yZCcvZyIgd3AtY29uZmlnLnBocCAKCiMgIyBTdGVwIDZhIC0gcGVybWlzc2lvbnMKCnVzZXJtb2QgLWEgLUcgYXBhY2hlIGVjMi11c2VyIApjaG93biAtUiBlYzItdXNlcjphcGFjaGUgL3Zhci93d3cgCmNobW9kIDI3NzUgL3Zhci93d3cgCmZpbmQgL3Zhci93d3cgLXR5cGUgZCAtZXhlYyBjaG1vZCAyNzc1IHt9IFw7IApmaW5kIC92YXIvd3d3IC10eXBlIGYgLWV4ZWMgY2htb2QgMDY2NCB7fSBcOyAKCiMgIyBTVEVQIDcgQ3JlYXRlIFdvcmRwcmVzcyBEYXRhYmFzZQoKZWNobyAiQ1JFQVRFIERBVEFCQVNFICREQk5hbWU7IiA+PiAvdG1wL2RiLnNldHVwIAplY2hvICJDUkVBVEUgVVNFUiAnJERCVXNlcidAJ2xvY2FsaG9zdCcgSURFTlRJRklFRCBCWSAnJERCUGFzc3dvcmQnOyIgPj4gL3RtcC9kYi5zZXR1cCAKZWNobyAiR1JBTlQgQUxMIE9OICREQk5hbWUuKiBUTyAnJERCVXNlcidAJ2xvY2FsaG9zdCc7IiA+PiAvdG1wL2RiLnNldHVwIAplY2hvICJGTFVTSCBQUklWSUxFR0VTOyIgPj4gL3RtcC9kYi5zZXR1cCAKbXlzcWwgLXUgcm9vdCAtLXBhc3N3b3JkPSREQlJvb3RQYXNzd29yZCA8IC90bXAvZGIuc2V0dXAKc3VkbyBybSAvdG1wL2RiLnNldHVwCgojICMgQ3JlYXRlICBXb3JkcHJlc3MgRGF0YWJhc2UgQmFja3VwCiMgbXlzcWxkdW1wIC0tdXNlcj1yb290IC0tcGFzc3dvcmQ9J0V4dHJham9zODUnIFwKIyAtLWRhdGFiYXNlcyAvdG1wL2RiLnNldHVwIC0tYWRkLWRyb3AtZGF0YWJhc2UgPiBkYi1iYWNrdXAuc3FsCgojICMgTWlncmF0aW9uIENvZGUKIyBteXNxbCAtLXVzZXI9cm9vdCAtLXBhc3N3b3JkPSdFeHRyYWpvczU4JyBcCiMgLS1ob3N0PTxSRFMgSW5zdGFuY2UgRGF0YWJhc2UgRW5kcG9pbnQgQWRkcmVzcz4gXAojIDwgZGItYmFja3VwLnNxbAoKIyAjIE1pZ3JhdGlvbiBDb25maXJtYXRpb24KIyBteXNxbCAtLXVzZXI9cm9vdCAtLXBhc3N3b3JkPSdFeHRyYWpvczU4JyBcCiMgLS1ob3N0PTxSRFMgSW5zdGFuY2UgRGF0YWJhc2UgRW5kcG9pbnQgQWRkcmVzcz4gXAojIGRiLnNldHVw"},"after_unknown":{"arn":true,"block_device_mappings":[],"capacity_reservation_specification":[],"cpu_options":[],"credit_specification":[],"default_version":true,"elastic_gpu_specifications":[],"elastic_inference_accelerator":[],"enclave_options":[],"hibernation_options":[],"iam_instance_profile":[],"id":true,"instance_market_options":[],"instance_requirements":[],"latest_version":true,"license_specification":[],"maintenance_options":[],"metadata_options":true,"monitoring":[],"name_prefix":true,"network_interfaces":[],"placement":[],"private_dns_name_options":[],"tag_specifications":[],"tags_all":true,"vpc_security_group_ids":true},"before_sensitive":false,"after_sensitive":{"block_device_mappings":[],"capacity_reservation_specification":[],"cpu_options":[],"credit_specification":[],"elastic_gpu_specifications":[],"elastic_inference_accelerator":[],"enclave_options":[],"hibernation_options":[],"iam_instance_profile":[],"instance_market_options":[],"instance_requirements":[],"license_specification":[],"maintenance_options":[],"metadata_options":[],"monitoring":[],"network_interfaces":[],"placement":[],"private_dns_name_options":[],"tag_specifications":[],"tags_all":{},"vpc_security_group_ids":[]}}},{"address":"aws_lb.prod_loadBalancer","mode":"managed","type":"aws_lb","name":"prod_loadBalancer","provider_name":"registry.terraform.io/hashicorp/aws","change":{"actions":["create"],"before":null,"after":{"access_logs":[],"customer_owned_ipv4_pool":null,"desync_mitigation_mode":"defensive","dns_record_client_routing_policy":null,"drop_invalid_header_fields":false,"enable_cross_zone_load_balancing":null,"enable_deletion_protection":false,"enable_http2":true,"enable_tls_version_and_cipher_suite_headers":false,"enable_waf_fail_open":false,"enable_xff_client_port":false,"idle_timeout":60,"internal":false,"load_balancer_type":"application","name":"Production-elb","preserve_host_header":false,"tags":{"Environment":"production"},"tags_all":{"Environment":"production"},"timeouts":null,"xff_header_processing_mode":"append"},"after_unknown":{"access_logs":[],"arn":true,"arn_suffix":true,"dns_name":true,"id":true,"ip_address_type":true,"name_prefix":true,"security_groups":true,"subnet_mapping":true,"subnets":true,"tags":{},"tags_all":{},"vpc_id":true,"zone_id":true},"before_sensitive":false,"after_sensitive":{"access_logs":[],"security_groups":[],"subnet_mapping":[],"subnets":[],"tags":{},"tags_all":{}}}},{"address":"aws_lb_listener.prod-listener","mode":"managed","type":"aws_lb_listener","name":"prod-listener","provider_name":"registry.terraform.io/hashicorp/aws","change":{"actions":["create"],"before":null,"after":{"alpn_policy":null,"certificate_arn":null,"default_action":[{"authenticate_cognito":[],"authenticate_oidc":[],"fixed_response":[],"forward":[],"redirect":[],"type":"forward"}],"port":80,"protocol":"HTTP","tags":null,"timeouts":null},"after_unknown":{"arn":true,"default_action":[{"authenticate_cognito":[],"authenticate_oidc":[],"fixed_response":[],"forward":[],"order":true,"redirect":[],"target_group_arn":true}],"id":true,"load_balancer_arn":true,"ssl_policy":true,"tags_all":true},"before_sensitive":false,"after_sensitive":{"default_action":[{"authenticate_cognito":[],"authenticate_oidc":[],"fixed_response":[],"forward":[],"redirect":[]}],"tags_all":{}}}},{"address":"aws_lb_target_group.prod-target-group","mode":"managed","type":"aws_lb_target_group","name":"prod-target-group","provider_name":"registry.terraform.io/hashicorp/aws","change":{"actions":["create"],"before":null,"after":{"deregistration_delay":"300","lambda_multi_value_headers_enabled":false,"name":"CPUtest-tg","port":80,"protocol":"HTTP","proxy_protocol_v2":false,"slow_start":0,"tags":null,"target_type":"instance"},"after_unknown":{"arn":true,"arn_suffix":true,"connection_termination":true,"health_check":true,"id":true,"ip_address_type":true,"load_balancing_algorithm_type":true,"load_balancing_cross_zone_enabled":true,"name_prefix":true,"preserve_client_ip":true,"protocol_version":true,"stickiness":true,"tags_all":true,"target_failover":true,"target_health_state":true,"vpc_id":true},"before_sensitive":false,"after_sensitive":{"health_check":[],"stickiness":[],"tags_all":{},"target_failover":[],"target_health_state":[]}}},{"address":"aws_rds_cluster.auroracluster","mode":"managed","type":"aws_rds_cluster","name":"auroracluster","provider_name":"registry.terraform.io/hashicorp/aws","change":{"actions":["create"],"before":null,"after":{"allow_major_version_upgrade":null,"availability_zones":["us-west-2a","us-west-2b"],"backtrack_window":null,"cluster_identifier":"auroracluster","copy_tags_to_snapshot":false,"database_name":"aurora_db","db_cluster_instance_class":null,"db_instance_parameter_group_name":null,"db_subnet_group_name":"db_subnet_group","delete_automated_backups":true,"deletion_protection":null,"enable_global_write_forwarding":false,"enable_http_endpoint":false,"enabled_cloudwatch_logs_exports":null,"engine":"aurora-mysql","engine_mode":"provisioned","engine_version":"5.7.mysql_aurora.2.11.1","final_snapshot_identifier":"aurora-final-snapshot","global_cluster_identifier":null,"iam_database_authentication_enabled":null,"iops":null,"manage_master_user_password":null,"master_password":"Extrajos58","master_username":"test","replication_source_identifier":null,"restore_to_point_in_time":[],"s3_import":[],"scaling_configuration":[],"serverlessv2_scaling_configuration":[],"skip_final_snapshot":true,"snapshot_identifier":null,"source_region":null,"tags":{"Name":"auroracluster-db"},"tags_all":{"Name":"auroracluster-db"},"timeouts":null},"after_unknown":{"allocated_storage":true,"apply_immediately":true,"arn":true,"availability_zones":[false,false],"backup_retention_period":true,"cluster_identifier_prefix":true,"cluster_members":true,"cluster_resource_id":true,"db_cluster_parameter_group_name":true,"db_system_id":true,"endpoint":true,"engine_version_actual":true,"hosted_zone_id":true,"iam_roles":true,"id":true,"kms_key_id":true,"master_user_secret":true,"master_user_secret_kms_key_id":true,"network_type":true,"port":true,"preferred_backup_window":true,"preferred_maintenance_window":true,"reader_endpoint":true,"restore_to_point_in_time":[],"s3_import":[],"scaling_configuration":[],"serverlessv2_scaling_configuration":[],"storage_encrypted":true,"storage_type":true,"tags":{},"tags_all":{},"vpc_security_group_ids":true},"before_sensitive":false,"after_sensitive":{"availability_zones":[false,false],"cluster_members":[],"iam_roles":[],"master_password":true,"master_user_secret":[],"restore_to_point_in_time":[],"s3_import":[],"scaling_configuration":[],"serverlessv2_scaling_configuration":[],"tags":{},"tags_all":{},"vpc_security_group_ids":[]}}},{"address":"aws_rds_cluster_instance.clusterinstance[0]","mode":"managed","type":"aws_rds_cluster_instance","name":"clusterinstance","index":0,"provider_name":"registry.terraform.io/hashicorp/aws","change":{"actions":["create"],"before":null,"after":{"auto_minor_version_upgrade":true,"availability_zone":"us-west-2a","copy_tags_to_snapshot":false,"custom_iam_instance_profile":null,"engine":"aurora-mysql","identifier":"clusterinstance-0","instance_class":"db.t3.small","monitoring_interval":0,"promotion_tier":0,"publicly_accessible":false,"tags":{"Name":"auroracluster-db-instance1"},"tags_all":{"Name":"auroracluster-db-instance1"},"timeouts":null},"after_unknown":{"apply_immediately":true,"arn":true,"ca_cert_identifier":true,"cluster_identifier":true,"db_parameter_group_name":true,"db_subnet_group_name":true,"dbi_resource_id":true,"endpoint":true,"engine_version":true,"engine_version_actual":true,"id":true,"identifier_prefix":true,"kms_key_id":true,"monitoring_role_arn":true,"network_type":true,"performance_insights_enabled":true,"performance_insights_kms_key_id":true,"performance_insights_retention_period":true,"port":true,"preferred_backup_window":true,"preferred_maintenance_window":true,"storage_encrypted":true,"tags":{},"tags_all":{},"writer":true},"before_sensitive":false,"after_sensitive":{"tags":{},"tags_all":{}}}},{"address":"aws_rds_cluster_instance.clusterinstance[1]","mode":"managed","type":"aws_rds_cluster_instance","name":"clusterinstance","index":1,"provider_name":"registry.terraform.io/hashicorp/aws","change":{"actions":["create"],"before":null,"after":{"auto_minor_version_upgrade":true,"availability_zone":"us-west-2b","copy_tags_to_snapshot":false,"custom_iam_instance_profile":null,"engine":"aurora-mysql","identifier":"clusterinstance-1","instance_class":"db.t3.small","monitoring_interval":0,"promotion_tier":0,"publicly_accessible":false,"tags":{"Name":"auroracluster-db-instance2"},"tags_all":{"Name":"auroracluster-db-instance2"},"timeouts":null},"after_unknown":{"apply_immediately":true,"arn":true,"ca_cert_identifier":true,"cluster_identifier":true,"db_parameter_group_name":true,"db_subnet_group_name":true,"dbi_resource_id":true,"endpoint":true,"engine_version":true,"engine_version_actual":true,"id":true,"identifier_prefix":true,"kms_key_id":true,"monitoring_role_arn":true,"network_type":true,"performance_insights_enabled":true,"performance_insights_kms_key_id":true,"performance_insights_retention_period":true,"port":true,"preferred_backup_window":true,"preferred_maintenance_window":true,"storage_encrypted":true,"tags":{},"tags_all":{},"writer":true},"before_sensitive":false,"after_sensitive":{"tags":{},"tags_all":{}}}},{"address":"aws_route_table.pro_rt","mode":"managed","type":"aws_route_table","name":"pro_rt","provider_name":"registry.terraform.io/hashicorp/aws","change":{"actions":["create"],"before":null,"after":{"route":[{"carrier_gateway_id":"","cidr_block":"0.0.0.0/0","core_network_arn":"","destination_prefix_list_id":"","egress_only_gateway_id":"","ipv6_cidr_block":"","local_gateway_id":"","nat_gateway_id":"","network_interface_id":"","transit_gateway_id":"","vpc_endpoint_id":"","vpc_peering_connection_id":""},{"carrier_gateway_id":"","cidr_block":"10.0.0.0/16","core_network_arn":"","destination_prefix_list_id":"","egress_only_gateway_id":"","gateway_id":"local","ipv6_cidr_block":"","local_gateway_id":"","nat_gateway_id":"","network_interface_id":"","transit_gateway_id":"","vpc_endpoint_id":"","vpc_peering_connection_id":""}],"tags":{"Name":"pro_routetable"},"tags_all":{"Name":"pro_routetable"},"timeouts":null},"after_unknown":{"arn":true,"id":true,"owner_id":true,"propagating_vgws":true,"route":[{"gateway_id":true},{}],"tags":{},"tags_all":{},"vpc_id":true},"before_sensitive":false,"after_sensitive":{"propagating_vgws":[],"route":[{},{}],"tags":{},"tags_all":{}}}},{"address":"aws_route_table.pro_rt2","mode":"managed","type":"aws_route_table","name":"pro_rt2","provider_name":"registry.terraform.io/hashicorp/aws","change":{"actions":["create"],"before":null,"after":{"route":[{"carrier_gateway_id":"","cidr_block":"10.0.0.0/16","core_network_arn":"","destination_prefix_list_id":"","egress_only_gateway_id":"","gateway_id":"local","ipv6_cidr_block":"","local_gateway_id":"","nat_gateway_id":"","network_interface_id":"","transit_gateway_id":"","vpc_endpoint_id":"","vpc_peering_connection_id":""}],"tags":{"Name":"pro_routetable2"},"tags_all":{"Name":"pro_routetable2"},"timeouts":null},"after_unknown":{"arn":true,"id":true,"owner_id":true,"propagating_vgws":true,"route":[{}],"tags":{},"tags_all":{},"vpc_id":true},"before_sensitive":false,"after_sensitive":{"propagating_vgws":[],"route":[{}],"tags":{},"tags_all":{}}}},{"address":"aws_route_table_association.a","mode":"managed","type":"aws_route_table_association","name":"a","provider_name":"registry.terraform.io/hashicorp/aws","change":{"actions":["create"],"before":null,"after":{"gateway_id":null,"timeouts":null},"after_unknown":{"id":true,"route_table_id":true,"subnet_id":true},"before_sensitive":false,"after_sensitive":{}}},{"address":"aws_route_table_association.a1","mode":"managed","type":"aws_route_table_association","name":"a1","provider_name":"registry.terraform.io/hashicorp/aws","change":{"actions":["create"],"before":null,"after":{"gateway_id":null,"timeouts":null},"after_unknown":{"id":true,"route_table_id":true,"subnet_id":true},"before_sensitive":false,"after_sensitive":{}}},{"address":"aws_route_table_association.b","mode":"managed","type":"aws_route_table_association","name":"b","provider_name":"registry.terraform.io/hashicorp/aws","change":{"actions":["create"],"before":null,"after":{"gateway_id":null,"timeouts":null},"after_unknown":{"id":true,"route_table_id":true,"subnet_id":true},"before_sensitive":false,"after_sensitive":{}}},{"address":"aws_route_table_association.b2","mode":"managed","type":"aws_route_table_association","name":"b2","provider_name":"registry.terraform.io/hashicorp/aws","change":{"actions":["create"],"before":null,"after":{"gateway_id":null,"timeouts":null},"after_unknown":{"id":true,"route_table_id":true,"subnet_id":true},"before_sensitive":false,"after_sensitive":{}}},{"address":"aws_security_group.allow_aurora_access","mode":"managed","type":"aws_security_group","name":"allow_aurora_access","provider_name":"registry.terraform.io/hashicorp/aws","change":{"actions":["create"],"before":null,"after":{"description":"Allow EC2 to aurora","ingress":[{"cidr_blocks":[],"description":"","from_port":3306,"ipv6_cidr_blocks":[],"prefix_list_ids":[],"protocol":"tcp","self":false,"to_port":3306}],"name":"allow_aurora_access","revoke_rules_on_delete":false,"tags":{"Name":"aurora-stack-allow-aurora-MySQL"},"tags_all":{"Name":"aurora-stack-allow-aurora-MySQL"},"timeouts":null},"after_unknown":{"arn":true,"egress":true,"id":true,"ingress":[{"cidr_blocks":[],"ipv6_cidr_blocks":[],"prefix_list_ids":[],"security_groups":true}],"name_prefix":true,"owner_id":true,"tags":{},"tags_all":{},"vpc_id":true},"before_sensitive":false,"after_sensitive":{"egress":[],"ingress":[{"cidr_blocks":[],"ipv6_cidr_blocks":[],"prefix_list_ids":[],"security_groups":[]}],"tags":{},"tags_all":{}}}},{"address":"aws_security_group.allow_ssh","mode":"managed","type":"aws_security_group","name":"allow_ssh","provider_name":"registry.terraform.io/hashicorp/aws","change":{"actions":["create"],"before":null,"after":{"description":"Allow SSH traffic","egress":[{"cidr_blocks":["0.0.0.0/0"],"description":"","from_port":0,"ipv6_cidr_blocks":[],"prefix_list_ids":[],"protocol":"-1","security_groups":[],"self":false,"to_port":0}],"ingress":[{"cidr_blocks":["0.0.0.0/0"],"description":"allow SSH","from_port":22,"ipv6_cidr_blocks":[],"prefix_list_ids":[],"protocol":"tcp","security_groups":[],"self":false,"to_port":22}],"name":"allow_ssh","revoke_rules_on_delete":false,"tags":{"Name":"allow_ssh"},"tags_all":{"Name":"allow_ssh"},"timeouts":null},"after_unknown":{"arn":true,"egress":[{"cidr_blocks":[false],"ipv6_cidr_blocks":[],"prefix_list_ids":[],"security_groups":[]}],"id":true,"ingress":[{"cidr_blocks":[false],"ipv6_cidr_blocks":[],"prefix_list_ids":[],"security_groups":[]}],"name_prefix":true,"owner_id":true,"tags":{},"tags_all":{},"vpc_id":true},"before_sensitive":false,"after_sensitive":{"egress":[{"cidr_blocks":[false],"ipv6_cidr_blocks":[],"prefix_list_ids":[],"security_groups":[]}],"ingress":[{"cidr_blocks":[false],"ipv6_cidr_blocks":[],"prefix_list_ids":[],"security_groups":[]}],"tags":{},"tags_all":{}}}},{"address":"aws_security_group.allow_web","mode":"managed","type":"aws_security_group","name":"allow_web","provider_name":"registry.terraform.io/hashicorp/aws","change":{"actions":["create"],"before":null,"after":{"description":"Allow web inbound traffic","egress":[{"cidr_blocks":["0.0.0.0/0"],"description":"","from_port":0,"ipv6_cidr_blocks":[],"prefix_list_ids":[],"protocol":"-1","security_groups":[],"self":false,"to_port":0}],"ingress":[{"cidr_blocks":["0.0.0.0/0"],"description":"http from VPC","from_port":80,"ipv6_cidr_blocks":[],"prefix_list_ids":[],"protocol":"tcp","security_groups":[],"self":false,"to_port":80},{"cidr_blocks":["0.0.0.0/0"],"description":"https from VPC","from_port":443,"ipv6_cidr_blocks":[],"prefix_list_ids":[],"protocol":"tcp","security_groups":[],"self":false,"to_port":443},{"cidr_blocks":["0.0.0.0/0"],"description":"ssh from VPC","from_port":22,"ipv6_cidr_blocks":[],"prefix_list_ids":[],"protocol":"tcp","security_groups":[],"self":false,"to_port":22}],"name":"allow_web","revoke_rules_on_delete":false,"tags":{"Name":"allow_web"},"tags_all":{"Name":"allow_web"},"timeouts":null},"after_unknown":{"arn":true,"egress":[{"cidr_blocks":[false],"ipv6_cidr_blocks":[],"prefix_list_ids":[],"security_groups":[]}],"id":true,"ingress":[{"cidr_blocks":[false],"ipv6_cidr_blocks":[],"prefix_list_ids":[],"security_groups":[]},{"cidr_blocks":[false],"ipv6_cidr_blocks":[],"prefix_list_ids":[],"security_groups":[]},{"cidr_blocks":[false],"ipv6_cidr_blocks":[],"prefix_list_ids":[],"security_groups":[]}],"name_prefix":true,"owner_id":true,"tags":{},"tags_all":{},"vpc_id":true},"before_sensitive":false,"after_sensitive":{"egress":[{"cidr_blocks":[false],"ipv6_cidr_blocks":[],"prefix_list_ids":[],"security_groups":[]}],"ingress":[{"cidr_blocks":[false],"ipv6_cidr_blocks":[],"prefix_list_ids":[],"security_groups":[]},{"cidr_blocks":[false],"ipv6_cidr_blocks":[],"prefix_list_ids":[],"security_groups":[]},{"cidr_blocks":[false],"ipv6_cidr_blocks":[],"prefix_list_ids":[],"security_groups":[]}],"tags":{},"tags_all":{}}}},{"address":"aws_subnet.subnet-1","mode":"managed","type":"aws_subnet","name":"subnet-1","provider_name":"registry.terraform.io/hashicorp/aws","change":{"actions":["create"],"before":null,"after":{"assign_ipv6_address_on_creation":false,"availability_zone":"us-west-2a","cidr_block":"10.0.1.0/24","customer_owned_ipv4_pool":null,"enable_dns64":false,"enable_lni_at_device_index":null,"enable_resource_name_dns_a_record_on_launch":false,"enable_resource_name_dns_aaaa_record_on_launch":false,"ipv6_cidr_block":null,"ipv6_native":false,"map_customer_owned_ip_on_launch":null,"map_public_ip_on_launch":false,"outpost_arn":null,"tags":{"Name":"prod-subnet-Public"},"tags_all":{"Name":"prod-subnet-Public"},"timeouts":null},"after_unknown":{"arn":true,"availability_zone_id":true,"id":true,"ipv6_cidr_block_association_id":true,"owner_id":true,"private_dns_hostname_type_on_launch":true,"tags":{},"tags_all":{},"vpc_id":true},"before_sensitive":false,"after_sensitive":{"tags":{},"tags_all":{}}}},{"address":"aws_subnet.subnet-1a","mode":"managed","type":"aws_subnet","name":"subnet-1a","provider_name":"registry.terraform.io/hashicorp/aws","change":{"actions":["create"],"before":null,"after":{"assign_ipv6_address_on_creation":false,"availability_zone":"us-west-2b","cidr_block":"10.0.4.0/24","customer_owned_ipv4_pool":null,"enable_dns64":false,"enable_lni_at_device_index":null,"enable_resource_name_dns_a_record_on_launch":false,"enable_resource_name_dns_aaaa_record_on_launch":false,"ipv6_cidr_block":null,"ipv6_native":false,"map_customer_owned_ip_on_launch":null,"map_public_ip_on_launch":false,"outpost_arn":null,"tags":{"Name":"prod-subnet-Public2"},"tags_all":{"Name":"prod-subnet-Public2"},"timeouts":null},"after_unknown":{"arn":true,"availability_zone_id":true,"id":true,"ipv6_cidr_block_association_id":true,"owner_id":true,"private_dns_hostname_type_on_launch":true,"tags":{},"tags_all":{},"vpc_id":true},"before_sensitive":false,"after_sensitive":{"tags":{},"tags_all":{}}}},{"address":"aws_subnet.subnet-2","mode":"managed","type":"aws_subnet","name":"subnet-2","provider_name":"registry.terraform.io/hashicorp/aws","change":{"actions":["create"],"before":null,"after":{"assign_ipv6_address_on_creation":false,"availability_zone":"us-west-2a","cidr_block":"10.0.2.0/24","customer_owned_ipv4_pool":null,"enable_dns64":false,"enable_lni_at_device_index":null,"enable_resource_name_dns_a_record_on_launch":false,"enable_resource_name_dns_aaaa_record_on_launch":false,"ipv6_cidr_block":null,"ipv6_native":false,"map_customer_owned_ip_on_launch":null,"map_public_ip_on_launch":false,"outpost_arn":null,"tags":{"Name":"prod-subnet-Private"},"tags_all":{"Name":"prod-subnet-Private"},"timeouts":null},"after_unknown":{"arn":true,"availability_zone_id":true,"id":true,"ipv6_cidr_block_association_id":true,"owner_id":true,"private_dns_hostname_type_on_launch":true,"tags":{},"tags_all":{},"vpc_id":true},"before_sensitive":false,"after_sensitive":{"tags":{},"tags_all":{}}}},{"address":"aws_subnet.subnet-2a","mode":"managed","type":"aws_subnet","name":"subnet-2a","provider_name":"registry.terraform.io/hashicorp/aws","change":{"actions":["create"],"before":null,"after":{"assign_ipv6_address_on_creation":false,"availability_zone":"us-west-2b","cidr_block":"10.0.3.0/24","customer_owned_ipv4_pool":null,"enable_dns64":false,"enable_lni_at_device_index":null,"enable_resource_name_dns_a_record_on_launch":false,"enable_resource_name_dns_aaaa_record_on_launch":false,"ipv6_cidr_block":null,"ipv6_native":false,"map_customer_owned_ip_on_launch":null,"map_public_ip_on_launch":false,"outpost_arn":null,"tags":{"Name":"prod-subnet-Private2"},"tags_all":{"Name":"prod-subnet-Private2"},"timeouts":null},"after_unknown":{"arn":true,"availability_zone_id":true,"id":true,"ipv6_cidr_block_association_id":true,"owner_id":true,"private_dns_hostname_type_on_launch":true,"tags":{},"tags_all":{},"vpc_id":true},"before_sensitive":false,"after_sensitive":{"tags":{},"tags_all":{}}}},{"address":"aws_vpc.pro_vpc","mode":"managed","type":"aws_vpc","name":"pro_vpc","provider_name":"registry.terraform.io/hashicorp/aws","change":{"actions":["create"],"before":null,"after":{"assign_generated_ipv6_cidr_block":null,"cidr_block":"10.0.0.0/16","enable_dns_hostnames":true,"enable_dns_support":true,"instance_tenancy":"default","ipv4_ipam_pool_id":null,"ipv4_netmask_length":null,"ipv6_ipam_pool_id":null,"ipv6_netmask_length":null,"tags":{"Name":"production"},"tags_all":{"Name":"production"}},"after_unknown":{"arn":true,"default_network_acl_id":true,"default_route_table_id":true,"default_security_group_id":true,"dhcp_options_id":true,"enable_network_address_usage_metrics":true,"id":true,"ipv6_association_id":true,"ipv6_cidr_block":true,"ipv6_cidr_block_network_border_group":true,"main_route_table_id":true,"owner_id":true,"tags":{},"tags_all":{}},"before_sensitive":false,"after_sensitive":{"tags":{},"tags_all":{}}}}],"prior_state":{"format_version":"1.0","terraform_version":"1.6.1","values":{"root_module":{"resources":[{"address":"data.aws_ami.amzLinux","mode":"data","type":"aws_ami","name":"amzLinux","provider_name":"registry.terraform.io/hashicorp/aws","schema_version":0,"values":{"architecture":"x86_64","arn":"arn:aws:ec2:us-west-2::image/ami-093467ec28ae4fe03","block_device_mappings":[{"device_name":"/dev/xvda","ebs":{"delete_on_termination":"true","encrypted":"false","iops":"3000","snapshot_id":"snap-060cb6000ec3dbf0c","throughput":"125","volume_size":"8","volume_type":"gp3"},"no_device":"","virtual_name":""}],"boot_mode":"uefi-preferred","creation_date":"2023-11-10T20:14:48.000Z","deprecation_time":"2024-02-08T20:15:00.000Z","description":"Amazon Linux 2023 AMI 2023.2.20231113.0 x86_64 HVM kernel-6.1","ena_support":true,"executable_users":null,"filter":[{"name":"name","values":["al2023-ami-2023*x86_64"]}],"hypervisor":"xen","id":"ami-093467ec28ae4fe03","image_id":"ami-093467ec28ae4fe03","image_location":"amazon/al2023-ami-2023.2.20231113.0-kernel-6.1-x86_64","image_owner_alias":"amazon","image_type":"machine","imds_support":"v2.0","include_deprecated":false,"kernel_id":"","most_recent":true,"name":"al2023-ami-2023.2.20231113.0-kernel-6.1-x86_64","name_regex":null,"owner_id":"137112412989","owners":["amazon"],"platform":"","platform_details":"Linux/UNIX","product_codes":[],"public":true,"ramdisk_id":"","root_device_name":"/dev/xvda","root_device_type":"ebs","root_snapshot_id":"snap-060cb6000ec3dbf0c","sriov_net_support":"simple","state":"available","state_reason":{"code":"UNSET","message":"UNSET"},"tags":{},"timeouts":null,"tpm_support":"","usage_operation":"RunInstances","virtualization_type":"hvm"},"sensitive_values":{"block_device_mappings":[{"ebs":{}}],"filter":[{"values":[false]}],"owners":[false],"product_codes":[],"state_reason":{},"tags":{}}}]}}},"configuration":{"provider_config":{"aws":{"name":"aws","full_name":"registry.terraform.io/hashicorp/aws","version_constraint":"~\u003e 5.0","expressions":{"region":{"references":["var.AWS_REGION"]}}}},"root_module":{"resources":[{"address":"aws_autoscaling_group.prod-AutoScalingGroup","mode":"managed","type":"aws_autoscaling_group","name":"prod-AutoScalingGroup","provider_config_key":"aws","expressions":{"desired_capacity":{"constant_value":2},"health_check_grace_period":{"constant_value":300},"health_check_type":{"constant_value":"ELB"},"launch_template":[{"id":{"references":["aws_launch_template.prod-launch-template.id","aws_launch_template.prod-launch-template"]},"version":{"constant_value":"$Latest"}}],"max_size":{"constant_value":4},"min_size":{"constant_value":2},"name":{"constant_value":"prod-autoscaling-group"},"target_group_arns":{"references":["aws_lb_target_group.prod-target-group.arn","aws_lb_target_group.prod-target-group"]},"vpc_zone_identifier":{"references":["aws_subnet.subnet-1.id","aws_subnet.subnet-1","aws_subnet.subnet-1a.id","aws_subnet.subnet-1a"]}},"schema_version":1},{"address":"aws_autoscaling_policy.prod_policy","mode":"managed","type":"aws_autoscaling_policy","name":"prod_policy","provider_config_key":"aws","expressions":{"autoscaling_group_name":{"references":["aws_autoscaling_group.prod-AutoScalingGroup.name","aws_autoscaling_group.prod-AutoScalingGroup"]},"name":{"constant_value":"CPUpolicy"},"policy_type":{"constant_value":"TargetTrackingScaling"},"target_tracking_configuration":[{"predefined_metric_specification":[{"predefined_metric_type":{"constant_value":"ASGAverageCPUUtilization"}}],"target_value":{"constant_value":75}}]},"schema_version":0},{"address":"aws_db_subnet_group.db_subnet","mode":"managed","type":"aws_db_subnet_group","name":"db_subnet","provider_config_key":"aws","expressions":{"name":{"constant_value":"db_subnet_group"},"subnet_ids":{"references":["aws_subnet.subnet-2.id","aws_subnet.subnet-2","aws_subnet.subnet-2a.id","aws_subnet.subnet-2a"]},"tags":{"constant_value":{"Name":"Prod-aurora-db"}}},"schema_version":0},{"address":"aws_instance.web_server_instance","mode":"managed","type":"aws_instance","name":"web_server_instance","provider_config_key":"aws","provisioners":[{"type":"local-exec","expressions":{"command":{"references":["self.instance_type","self","self.id","self","self.public_dns","self","self.ami","self"]}}}],"expressions":{"ami":{"references":["var.AMIS","var.AWS_REGION"]},"associate_public_ip_address":{"constant_value":true},"availability_zone":{"constant_value":"us-west-2a"},"instance_type":{"references":["var.instance_type"]},"key_name":{"constant_value":"vockey"},"subnet_id":{"references":["aws_subnet.subnet-1.id","aws_subnet.subnet-1"]},"tags":{"constant_value":{"Name":"Web server"}},"user_data":{},"vpc_security_group_ids":{"references":["aws_security_group.allow_ssh.id","aws_security_group.allow_ssh","aws_security_group.allow_web.id","aws_security_group.allow_web"]}},"schema_version":1},{"address":"aws_internet_gateway.gw","mode":"managed","type":"aws_internet_gateway","name":"gw","provider_config_key":"aws","expressions":{"vpc_id":{"references":["aws_vpc.pro_vpc.id","aws_vpc.pro_vpc"]}},"schema_version":0},{"address":"aws_launch_template.prod-launch-template","mode":"managed","type":"aws_launch_template","name":"prod-launch-template","provider_config_key":"aws","expressions":{"image_id":{"references":["data.aws_ami.amzLinux.id","data.aws_ami.amzLinux"]},"instance_type":{"constant_value":"t2.micro"},"name":{"constant_value":"WebserverLaunchTemplate"},"user_data":{"references":["local.DB","local.User","local.PW","local.host"]},"vpc_security_group_ids":{"references":["aws_security_group.allow_web.id","aws_security_group.allow_web"]}},"schema_version":0},{"address":"aws_lb.prod_loadBalancer","mode":"managed","type":"aws_lb","name":"prod_loadBalancer","provider_config_key":"aws","expressions":{"enable_deletion_protection":{"constant_value":false},"internal":{"constant_value":false},"load_balancer_type":{"constant_value":"application"},"name":{"constant_value":"Production-elb"},"security_groups":{"references":["aws_security_group.allow_web.id","aws_security_group.allow_web"]},"subnets":{"references":["aws_subnet.subnet-1.id","aws_subnet.subnet-1","aws_subnet.subnet-1a.id","aws_subnet.subnet-1a"]},"tags":{"constant_value":{"Environment":"production"}}},"schema_version":0},{"address":"aws_lb_listener.prod-listener","mode":"managed","type":"aws_lb_listener","name":"prod-listener","provider_config_key":"aws","expressions":{"default_action":[{"target_group_arn":{"references":["aws_lb_target_group.prod-target-group.arn","aws_lb_target_group.prod-target-group"]},"type":{"constant_value":"forward"}}],"load_balancer_arn":{"references":["aws_lb.prod_loadBalancer.arn","aws_lb.prod_loadBalancer"]},"port":{"constant_value":80},"protocol":{"constant_value":"HTTP"}},"schema_version":0},{"address":"aws_lb_target_group.prod-target-group","mode":"managed","type":"aws_lb_target_group","name":"prod-target-group","provider_config_key":"aws","expressions":{"name":{"constant_value":"CPUtest-tg"},"port":{"constant_value":80},"protocol":{"constant_value":"HTTP"},"vpc_id":{"references":["aws_vpc.pro_vpc.id","aws_vpc.pro_vpc"]}},"schema_version":0},{"address":"aws_rds_cluster.auroracluster","mode":"managed","type":"aws_rds_cluster","name":"auroracluster","provider_config_key":"aws","expressions":{"availability_zones":{"constant_value":["us-west-2a","us-west-2b"]},"cluster_identifier":{"constant_value":"auroracluster"},"database_name":{"constant_value":"aurora_db"},"db_subnet_group_name":{"references":["aws_db_subnet_group.db_subnet.name","aws_db_subnet_group.db_subnet"]},"engine":{"constant_value":"aurora-mysql"},"engine_version":{"constant_value":"5.7.mysql_aurora.2.11.1"},"final_snapshot_identifier":{"constant_value":"aurora-final-snapshot"},"master_password":{"constant_value":"Extrajos58"},"master_username":{"constant_value":"test"},"skip_final_snapshot":{"constant_value":true},"tags":{"constant_value":{"Name":"auroracluster-db"}},"vpc_security_group_ids":{"references":["aws_security_group.allow_aurora_access.id","aws_security_group.allow_aurora_access"]}},"schema_version":1},{"address":"aws_rds_cluster_instance.clusterinstance","mode":"managed","type":"aws_rds_cluster_instance","name":"clusterinstance","provider_config_key":"aws","expressions":{"availability_zone":{"references":["count.index"]},"cluster_identifier":{"references":["aws_rds_cluster.auroracluster.id","aws_rds_cluster.auroracluster"]},"engine":{"constant_value":"aurora-mysql"},"identifier":{"references":["count.index"]},"instance_class":{"constant_value":"db.t3.small"},"tags":{"references":["count.index"]}},"schema_version":0,"count_expression":{"constant_value":2}},{"address":"aws_route_table.pro_rt","mode":"managed","type":"aws_route_table","name":"pro_rt","provider_config_key":"aws","expressions":{"route":{"references":["aws_internet_gateway.gw.id","aws_internet_gateway.gw","var.cidr_blocks","var.vpc_cidr"]},"tags":{"constant_value":{"Name":"pro_routetable"}},"vpc_id":{"references":["aws_vpc.pro_vpc.id","aws_vpc.pro_vpc"]}},"schema_version":0},{"address":"aws_route_table.pro_rt2","mode":"managed","type":"aws_route_table","name":"pro_rt2","provider_config_key":"aws","expressions":{"route":{"references":["var.vpc_cidr"]},"tags":{"constant_value":{"Name":"pro_routetable2"}},"vpc_id":{"references":["aws_vpc.pro_vpc.id","aws_vpc.pro_vpc"]}},"schema_version":0},{"address":"aws_route_table_association.a","mode":"managed","type":"aws_route_table_association","name":"a","provider_config_key":"aws","expressions":{"route_table_id":{"references":["aws_route_table.pro_rt.id","aws_route_table.pro_rt"]},"subnet_id":{"references":["aws_subnet.subnet-1.id","aws_subnet.subnet-1"]}},"schema_version":0,"depends_on":["aws_route_table.pro_rt","aws_subnet.subnet-1"]},{"address":"aws_route_table_association.a1","mode":"managed","type":"aws_route_table_association","name":"a1","provider_config_key":"aws","expressions":{"route_table_id":{"references":["aws_route_table.pro_rt.id","aws_route_table.pro_rt"]},"subnet_id":{"references":["aws_subnet.subnet-1a.id","aws_subnet.subnet-1a"]}},"schema_version":0,"depends_on":["aws_route_table.pro_rt","aws_subnet.subnet-1a"]},{"address":"aws_route_table_association.b","mode":"managed","type":"aws_route_table_association","name":"b","provider_config_key":"aws","expressions":{"route_table_id":{"references":["aws_route_table.pro_rt2.id","aws_route_table.pro_rt2"]},"subnet_id":{"references":["aws_subnet.subnet-2.id","aws_subnet.subnet-2"]}},"schema_version":0,"depends_on":["aws_route_table.pro_rt2","aws_subnet.subnet-2"]},{"address":"aws_route_table_association.b2","mode":"managed","type":"aws_route_table_association","name":"b2","provider_config_key":"aws","expressions":{"route_table_id":{"references":["aws_route_table.pro_rt2.id","aws_route_table.pro_rt2"]},"subnet_id":{"references":["aws_subnet.subnet-2a.id","aws_subnet.subnet-2a"]}},"schema_version":0,"depends_on":["aws_route_table.pro_rt2","aws_subnet.subnet-2a"]},{"address":"aws_security_group.allow_aurora_access","mode":"managed","type":"aws_security_group","name":"allow_aurora_access","provider_config_key":"aws","expressions":{"description":{"constant_value":"Allow EC2 to aurora"},"ingress":{"references":["aws_security_group.allow_ssh.id","aws_security_group.allow_ssh"]},"name":{"constant_value":"allow_aurora_access"},"tags":{"constant_value":{"Name":"aurora-stack-allow-aurora-MySQL"}},"vpc_id":{"references":["aws_vpc.pro_vpc.id","aws_vpc.pro_vpc"]}},"schema_version":1},{"address":"aws_security_group.allow_ssh","mode":"managed","type":"aws_security_group","name":"allow_ssh","provider_config_key":"aws","expressions":{"description":{"constant_value":"Allow SSH traffic"},"egress":{"constant_value":[{"cidr_blocks":["0.0.0.0/0"],"description":null,"from_port":0,"ipv6_cidr_blocks":null,"prefix_list_ids":null,"protocol":"-1","security_groups":null,"self":null,"to_port":0}]},"ingress":{"constant_value":[{"cidr_blocks":["0.0.0.0/0"],"description":"allow SSH","from_port":22,"ipv6_cidr_blocks":null,"prefix_list_ids":null,"protocol":"tcp","security_groups":null,"self":null,"to_port":22}]},"name":{"constant_value":"allow_ssh"},"tags":{"constant_value":{"Name":"allow_ssh"}},"vpc_id":{"references":["aws_vpc.pro_vpc.id","aws_vpc.pro_vpc"]}},"schema_version":1},{"address":"aws_security_group.allow_web","mode":"managed","type":"aws_security_group","name":"allow_web","provider_config_key":"aws","expressions":{"description":{"constant_value":"Allow web inbound traffic"},"egress":{"references":["var.cidr_blocks"]},"ingress":{"references":["var.cidr_blocks","var.cidr_blocks","var.cidr_blocks"]},"name":{"constant_value":"allow_web"},"tags":{"constant_value":{"Name":"allow_web"}},"vpc_id":{"references":["aws_vpc.pro_vpc.id","aws_vpc.pro_vpc"]}},"schema_version":1},{"address":"aws_subnet.subnet-1","mode":"managed","type":"aws_subnet","name":"subnet-1","provider_config_key":"aws","expressions":{"availability_zone":{"constant_value":"us-west-2a"},"cidr_block":{"references":["var.public_cidr"]},"tags":{"constant_value":{"Name":"prod-subnet-Public"}},"vpc_id":{"references":["aws_vpc.pro_vpc.id","aws_vpc.pro_vpc"]}},"schema_version":1},{"address":"aws_subnet.subnet-1a","mode":"managed","type":"aws_subnet","name":"subnet-1a","provider_config_key":"aws","expressions":{"availability_zone":{"constant_value":"us-west-2b"},"cidr_block":{"references":["var.public_cidr2"]},"tags":{"constant_value":{"Name":"prod-subnet-Public2"}},"vpc_id":{"references":["aws_vpc.pro_vpc.id","aws_vpc.pro_vpc"]}},"schema_version":1},{"address":"aws_subnet.subnet-2","mode":"managed","type":"aws_subnet","name":"subnet-2","provider_config_key":"aws","expressions":{"availability_zone":{"constant_value":"us-west-2a"},"cidr_block":{"references":["var.private_cidr"]},"tags":{"constant_value":{"Name":"prod-subnet-Private"}},"vpc_id":{"references":["aws_vpc.pro_vpc.id","aws_vpc.pro_vpc"]}},"schema_version":1},{"address":"aws_subnet.subnet-2a","mode":"managed","type":"aws_subnet","name":"subnet-2a","provider_config_key":"aws","expressions":{"availability_zone":{"constant_value":"us-west-2b"},"cidr_block":{"references":["var.private_cidr2"]},"tags":{"constant_value":{"Name":"prod-subnet-Private2"}},"vpc_id":{"references":["aws_vpc.pro_vpc.id","aws_vpc.pro_vpc"]}},"schema_version":1},{"address":"aws_vpc.pro_vpc","mode":"managed","type":"aws_vpc","name":"pro_vpc","provider_config_key":"aws","expressions":{"cidr_block":{"references":["var.vpc_cidr"]},"enable_dns_hostnames":{"constant_value":true},"enable_dns_support":{"constant_value":true},"tags":{"constant_value":{"Name":"production"}}},"schema_version":1},{"address":"data.aws_ami.amzLinux","mode":"data","type":"aws_ami","name":"amzLinux","provider_config_key":"aws","expressions":{"filter":[{"name":{"constant_value":"name"},"values":{"constant_value":["al2023-ami-2023*x86_64"]}}],"most_recent":{"constant_value":true},"owners":{"constant_value":["amazon"]}},"schema_version":0}],"variables":{"AMIS":{"default":{"us-east-1":"ami-0d2017e886fc2c0ab","us-west-2":"ami-00448a337adc93c05"},"description":"Region specific AWS Machine Images (AMI)"},"AWS_ACCESS_KEY":{"description":"AWS Access Key"},"AWS_REGION":{"default":"us-west-2","description":"AWS Region"},"AWS_SECRET_KEY":{"description":"AWS Access Key"},"apac_region":{"default":"us-west-2"},"cidr_blocks":{"default":"0.0.0.0/0"},"instance_type":{"default":"t3.micro"},"private_cidr":{"default":"10.0.2.0/24"},"private_cidr2":{"default":"10.0.3.0/24"},"public_cidr":{"default":"10.0.1.0/24"},"public_cidr2":{"default":"10.0.4.0/24"},"vpc_cidr":{"default":"10.0.0.0/16"}}}},"relevant_attributes":[{"resource":"aws_route_table.pro_rt2","attribute":["id"]},{"resource":"aws_db_subnet_group.db_subnet","attribute":["name"]},{"resource":"data.aws_ami.amzLinux","attribute":["id"]},{"resource":"aws_internet_gateway.gw","attribute":["id"]},{"resource":"aws_route_table.pro_rt","attribute":["id"]},{"resource":"aws_security_group.allow_web","attribute":["id"]},{"resource":"aws_lb.prod_loadBalancer","attribute":["arn"]},{"resource":"aws_subnet.subnet-2a","attribute":["id"]},{"resource":"aws_subnet.subnet-1","attribute":["id"]},{"resource":"aws_lb_target_group.prod-target-group","attribute":["arn"]},{"resource":"aws_subnet.subnet-1a","attribute":["id"]},{"resource":"aws_subnet.subnet-2","attribute":["id"]},{"resource":"aws_security_group.allow_ssh","attribute":["id"]},{"resource":"aws_security_group.allow_aurora_access","attribute":["id"]},{"resource":"aws_rds_cluster.auroracluster","attribute":["id"]},{"resource":"aws_launch_template.prod-launch-template","attribute":["id"]},{"resource":"aws_autoscaling_group.prod-AutoScalingGroup","attribute":["name"]},{"resource":"aws_vpc.pro_vpc","attribute":["id"]}],"timestamp":"2023-11-28T21:17:45Z","errored":false}
